// !$*UTF8*$!
{
	archiveVersion = 1;
	classes = {
	};
	objectVersion = 46;
	objects = {

/* Begin PBXBuildFile section */
		521492CF1F45DE8C00A75BE1 /* HidingNavigationBarManager.swift in Sources */ = {isa = PBXBuildFile; fileRef = 521492CD1F45DE8C00A75BE1 /* HidingNavigationBarManager.swift */; };
		521492D01F45DE8C00A75BE1 /* HidingViewController.swift in Sources */ = {isa = PBXBuildFile; fileRef = 521492CE1F45DE8C00A75BE1 /* HidingViewController.swift */; };
		52253B261F38DAC8009DF046 /* CategoriesVC.swift in Sources */ = {isa = PBXBuildFile; fileRef = 52253B251F38DAC8009DF046 /* CategoriesVC.swift */; };
		52253B281F39A134009DF046 /* String+Extension.swift in Sources */ = {isa = PBXBuildFile; fileRef = 52253B271F39A134009DF046 /* String+Extension.swift */; };
		52253B2A1F39EAEE009DF046 /* UITableViewCell+Extension.swift in Sources */ = {isa = PBXBuildFile; fileRef = 52253B291F39EAEE009DF046 /* UITableViewCell+Extension.swift */; };
		5236AC5E1F32F3470077AC80 /* Product+CoreDataClass.swift in Sources */ = {isa = PBXBuildFile; fileRef = 5236AC5C1F32F3470077AC80 /* Product+CoreDataClass.swift */; };
		5236AC5F1F32F3470077AC80 /* Product+CoreDataProperties.swift in Sources */ = {isa = PBXBuildFile; fileRef = 5236AC5D1F32F3470077AC80 /* Product+CoreDataProperties.swift */; };
		5236B2721F3B69C70072594D /* MetallonitVC.swift in Sources */ = {isa = PBXBuildFile; fileRef = 5236B2711F3B69C70072594D /* MetallonitVC.swift */; };
		5236B2761F3C8BC60072594D /* CollViewCell.swift in Sources */ = {isa = PBXBuildFile; fileRef = 5236B2751F3C8BC60072594D /* CollViewCell.swift */; };
		523ED3001F29CA9400BE20E5 /* AppDelegate.swift in Sources */ = {isa = PBXBuildFile; fileRef = 523ED2FF1F29CA9400BE20E5 /* AppDelegate.swift */; };
		523ED3051F29CA9400BE20E5 /* Main.storyboard in Resources */ = {isa = PBXBuildFile; fileRef = 523ED3031F29CA9400BE20E5 /* Main.storyboard */; };
		523ED3071F29CA9400BE20E5 /* Assets.xcassets in Resources */ = {isa = PBXBuildFile; fileRef = 523ED3061F29CA9400BE20E5 /* Assets.xcassets */; };
		523ED30A1F29CA9400BE20E5 /* LaunchScreen.storyboard in Resources */ = {isa = PBXBuildFile; fileRef = 523ED3081F29CA9400BE20E5 /* LaunchScreen.storyboard */; };
		523ED3121F2F6BDA00BE20E5 /* ProductsTVC.swift in Sources */ = {isa = PBXBuildFile; fileRef = 523ED3111F2F6BDA00BE20E5 /* ProductsTVC.swift */; };
		523ED3141F2F723700BE20E5 /* ProductTVCell.swift in Sources */ = {isa = PBXBuildFile; fileRef = 523ED3131F2F723700BE20E5 /* ProductTVCell.swift */; };
		5250C9291F42CC2900153E65 /* UIApplication+Extension.swift in Sources */ = {isa = PBXBuildFile; fileRef = 5250C9281F42CC2800153E65 /* UIApplication+Extension.swift */; };
		5250C92B1F42DF6600153E65 /* FoldingCell.swift in Sources */ = {isa = PBXBuildFile; fileRef = 5250C92A1F42DF6600153E65 /* FoldingCell.swift */; };
		5251083E1F2F9D650044804C /* DetailVC.swift in Sources */ = {isa = PBXBuildFile; fileRef = 5251083D1F2F9D650044804C /* DetailVC.swift */; };
		525108401F2FA8040044804C /* FirstVC.swift in Sources */ = {isa = PBXBuildFile; fileRef = 5251083F1F2FA8040044804C /* FirstVC.swift */; };
		525108421F2FB35F0044804C /* PersistentService.swift in Sources */ = {isa = PBXBuildFile; fileRef = 525108411F2FB35F0044804C /* PersistentService.swift */; };
		525108441F307DC50044804C /* CoreDataStack.swift in Sources */ = {isa = PBXBuildFile; fileRef = 525108431F307DC50044804C /* CoreDataStack.swift */; };
		525108471F307E1F0044804C /* Model.xcdatamodeld in Sources */ = {isa = PBXBuildFile; fileRef = 525108451F307E1F0044804C /* Model.xcdatamodeld */; };
		5251084E1F307EF60044804C /* ProductCategory+CoreDataClass.swift in Sources */ = {isa = PBXBuildFile; fileRef = 5251084C1F307EF60044804C /* ProductCategory+CoreDataClass.swift */; };
		5251084F1F307EF60044804C /* ProductCategory+CoreDataProperties.swift in Sources */ = {isa = PBXBuildFile; fileRef = 5251084D1F307EF60044804C /* ProductCategory+CoreDataProperties.swift */; };
		525108571F30E5140044804C /* Constants.swift in Sources */ = {isa = PBXBuildFile; fileRef = 525108561F30E5140044804C /* Constants.swift */; };
		525108591F30E5C00044804C /* UIColor+Extension.swift in Sources */ = {isa = PBXBuildFile; fileRef = 525108581F30E5C00044804C /* UIColor+Extension.swift */; };
		5251085D1F31C4B40044804C /* CategoriesTVCell.swift in Sources */ = {isa = PBXBuildFile; fileRef = 5251085C1F31C4B40044804C /* CategoriesTVCell.swift */; };
		52526DED1F3F29CC00621B87 /* Date+Extension.swift in Sources */ = {isa = PBXBuildFile; fileRef = 52526DEC1F3F29CC00621B87 /* Date+Extension.swift */; };
		52526DEF1F3F46D400621B87 /* NSDate+Extension.swift in Sources */ = {isa = PBXBuildFile; fileRef = 52526DEE1F3F46D400621B87 /* NSDate+Extension.swift */; };
		52C6B6961F3F5F02009171DC /* RaznoeCell.swift in Sources */ = {isa = PBXBuildFile; fileRef = 52C6B6951F3F5F02009171DC /* RaznoeCell.swift */; };
		52C6B6981F3F820E009171DC /* UIImageView+Extension.swift in Sources */ = {isa = PBXBuildFile; fileRef = 52C6B6971F3F820E009171DC /* UIImageView+Extension.swift */; };
		52F293111F437BBB00D07842 /* UIViewX.swift in Sources */ = {isa = PBXBuildFile; fileRef = 52F293101F437BBB00D07842 /* UIViewX.swift */; };
		52F293131F4445BD00D07842 /* UnfoldingCell.swift in Sources */ = {isa = PBXBuildFile; fileRef = 52F293121F4445BD00D07842 /* UnfoldingCell.swift */; };
		5726DB131F48975E0019C984 /* ProductsVC.swift in Sources */ = {isa = PBXBuildFile; fileRef = 5726DB121F48975E0019C984 /* ProductsVC.swift */; };
		5726DB151F48BA970019C984 /* CosmosDistrib.swift in Sources */ = {isa = PBXBuildFile; fileRef = 5726DB141F48BA970019C984 /* CosmosDistrib.swift */; };
		573B0CF31F49C76B00BD6121 /* pop.mp3 in Resources */ = {isa = PBXBuildFile; fileRef = 573B0CF21F49C76B00BD6121 /* pop.mp3 */; };
/* End PBXBuildFile section */

/* Begin PBXFileReference section */
		521492CD1F45DE8C00A75BE1 /* HidingNavigationBarManager.swift */ = {isa = PBXFileReference; fileEncoding = 4; lastKnownFileType = sourcecode.swift; path = HidingNavigationBarManager.swift; sourceTree = "<group>"; };
		521492CE1F45DE8C00A75BE1 /* HidingViewController.swift */ = {isa = PBXFileReference; fileEncoding = 4; lastKnownFileType = sourcecode.swift; path = HidingViewController.swift; sourceTree = "<group>"; };
		52253B251F38DAC8009DF046 /* CategoriesVC.swift */ = {isa = PBXFileReference; fileEncoding = 4; lastKnownFileType = sourcecode.swift; path = CategoriesVC.swift; sourceTree = "<group>"; };
		52253B271F39A134009DF046 /* String+Extension.swift */ = {isa = PBXFileReference; fileEncoding = 4; lastKnownFileType = sourcecode.swift; path = "String+Extension.swift"; sourceTree = "<group>"; };
		52253B291F39EAEE009DF046 /* UITableViewCell+Extension.swift */ = {isa = PBXFileReference; fileEncoding = 4; lastKnownFileType = sourcecode.swift; path = "UITableViewCell+Extension.swift"; sourceTree = "<group>"; };
		5236AC5C1F32F3470077AC80 /* Product+CoreDataClass.swift */ = {isa = PBXFileReference; fileEncoding = 4; lastKnownFileType = sourcecode.swift; path = "Product+CoreDataClass.swift"; sourceTree = "<group>"; };
		5236AC5D1F32F3470077AC80 /* Product+CoreDataProperties.swift */ = {isa = PBXFileReference; fileEncoding = 4; lastKnownFileType = sourcecode.swift; path = "Product+CoreDataProperties.swift"; sourceTree = "<group>"; };
		5236B2711F3B69C70072594D /* MetallonitVC.swift */ = {isa = PBXFileReference; fileEncoding = 4; lastKnownFileType = sourcecode.swift; path = MetallonitVC.swift; sourceTree = "<group>"; };
		5236B2751F3C8BC60072594D /* CollViewCell.swift */ = {isa = PBXFileReference; fileEncoding = 4; lastKnownFileType = sourcecode.swift; path = CollViewCell.swift; sourceTree = "<group>"; };
		523ED2FC1F29CA9400BE20E5 /* GoldenSewing.app */ = {isa = PBXFileReference; explicitFileType = wrapper.application; includeInIndex = 0; path = GoldenSewing.app; sourceTree = BUILT_PRODUCTS_DIR; };
		523ED2FF1F29CA9400BE20E5 /* AppDelegate.swift */ = {isa = PBXFileReference; lastKnownFileType = sourcecode.swift; path = AppDelegate.swift; sourceTree = "<group>"; };
		523ED3041F29CA9400BE20E5 /* Base */ = {isa = PBXFileReference; lastKnownFileType = file.storyboard; name = Base; path = Base.lproj/Main.storyboard; sourceTree = "<group>"; };
		523ED3061F29CA9400BE20E5 /* Assets.xcassets */ = {isa = PBXFileReference; lastKnownFileType = folder.assetcatalog; path = Assets.xcassets; sourceTree = "<group>"; };
		523ED3091F29CA9400BE20E5 /* Base */ = {isa = PBXFileReference; lastKnownFileType = file.storyboard; name = Base; path = Base.lproj/LaunchScreen.storyboard; sourceTree = "<group>"; };
		523ED30B1F29CA9400BE20E5 /* Info.plist */ = {isa = PBXFileReference; lastKnownFileType = text.plist.xml; path = Info.plist; sourceTree = "<group>"; };
		523ED3111F2F6BDA00BE20E5 /* ProductsTVC.swift */ = {isa = PBXFileReference; fileEncoding = 4; lastKnownFileType = sourcecode.swift; path = ProductsTVC.swift; sourceTree = "<group>"; };
		523ED3131F2F723700BE20E5 /* ProductTVCell.swift */ = {isa = PBXFileReference; fileEncoding = 4; lastKnownFileType = sourcecode.swift; path = ProductTVCell.swift; sourceTree = "<group>"; };
		5250C9281F42CC2800153E65 /* UIApplication+Extension.swift */ = {isa = PBXFileReference; fileEncoding = 4; lastKnownFileType = sourcecode.swift; path = "UIApplication+Extension.swift"; sourceTree = "<group>"; };
		5250C92A1F42DF6600153E65 /* FoldingCell.swift */ = {isa = PBXFileReference; fileEncoding = 4; lastKnownFileType = sourcecode.swift; path = FoldingCell.swift; sourceTree = "<group>"; };
		5251083D1F2F9D650044804C /* DetailVC.swift */ = {isa = PBXFileReference; fileEncoding = 4; lastKnownFileType = sourcecode.swift; path = DetailVC.swift; sourceTree = "<group>"; };
		5251083F1F2FA8040044804C /* FirstVC.swift */ = {isa = PBXFileReference; fileEncoding = 4; lastKnownFileType = sourcecode.swift; path = FirstVC.swift; sourceTree = "<group>"; };
		525108411F2FB35F0044804C /* PersistentService.swift */ = {isa = PBXFileReference; fileEncoding = 4; lastKnownFileType = sourcecode.swift; path = PersistentService.swift; sourceTree = "<group>"; };
		525108431F307DC50044804C /* CoreDataStack.swift */ = {isa = PBXFileReference; fileEncoding = 4; lastKnownFileType = sourcecode.swift; path = CoreDataStack.swift; sourceTree = "<group>"; };
		525108461F307E1F0044804C /* Model.xcdatamodel */ = {isa = PBXFileReference; lastKnownFileType = wrapper.xcdatamodel; path = Model.xcdatamodel; sourceTree = "<group>"; };
		5251084C1F307EF60044804C /* ProductCategory+CoreDataClass.swift */ = {isa = PBXFileReference; fileEncoding = 4; lastKnownFileType = sourcecode.swift; path = "ProductCategory+CoreDataClass.swift"; sourceTree = "<group>"; };
		5251084D1F307EF60044804C /* ProductCategory+CoreDataProperties.swift */ = {isa = PBXFileReference; fileEncoding = 4; lastKnownFileType = sourcecode.swift; path = "ProductCategory+CoreDataProperties.swift"; sourceTree = "<group>"; };
		525108561F30E5140044804C /* Constants.swift */ = {isa = PBXFileReference; fileEncoding = 4; lastKnownFileType = sourcecode.swift; path = Constants.swift; sourceTree = "<group>"; };
		525108581F30E5C00044804C /* UIColor+Extension.swift */ = {isa = PBXFileReference; fileEncoding = 4; lastKnownFileType = sourcecode.swift; path = "UIColor+Extension.swift"; sourceTree = "<group>"; };
		5251085C1F31C4B40044804C /* CategoriesTVCell.swift */ = {isa = PBXFileReference; fileEncoding = 4; lastKnownFileType = sourcecode.swift; path = CategoriesTVCell.swift; sourceTree = "<group>"; };
		52526DEC1F3F29CC00621B87 /* Date+Extension.swift */ = {isa = PBXFileReference; fileEncoding = 4; lastKnownFileType = sourcecode.swift; path = "Date+Extension.swift"; sourceTree = "<group>"; };
		52526DEE1F3F46D400621B87 /* NSDate+Extension.swift */ = {isa = PBXFileReference; fileEncoding = 4; lastKnownFileType = sourcecode.swift; path = "NSDate+Extension.swift"; sourceTree = "<group>"; };
		52C6B6951F3F5F02009171DC /* RaznoeCell.swift */ = {isa = PBXFileReference; fileEncoding = 4; lastKnownFileType = sourcecode.swift; path = RaznoeCell.swift; sourceTree = "<group>"; };
		52C6B6971F3F820E009171DC /* UIImageView+Extension.swift */ = {isa = PBXFileReference; fileEncoding = 4; lastKnownFileType = sourcecode.swift; path = "UIImageView+Extension.swift"; sourceTree = "<group>"; };
		52F293101F437BBB00D07842 /* UIViewX.swift */ = {isa = PBXFileReference; fileEncoding = 4; lastKnownFileType = sourcecode.swift; path = UIViewX.swift; sourceTree = "<group>"; };
		52F293121F4445BD00D07842 /* UnfoldingCell.swift */ = {isa = PBXFileReference; fileEncoding = 4; lastKnownFileType = sourcecode.swift; path = UnfoldingCell.swift; sourceTree = "<group>"; };
		5726DB121F48975E0019C984 /* ProductsVC.swift */ = {isa = PBXFileReference; fileEncoding = 4; lastKnownFileType = sourcecode.swift; path = ProductsVC.swift; sourceTree = "<group>"; };
		5726DB141F48BA970019C984 /* CosmosDistrib.swift */ = {isa = PBXFileReference; fileEncoding = 4; lastKnownFileType = sourcecode.swift; path = CosmosDistrib.swift; sourceTree = "<group>"; };
		573B0CF21F49C76B00BD6121 /* pop.mp3 */ = {isa = PBXFileReference; lastKnownFileType = audio.mp3; path = pop.mp3; sourceTree = "<group>"; };
/* End PBXFileReference section */

/* Begin PBXFrameworksBuildPhase section */
		523ED2F91F29CA9400BE20E5 /* Frameworks */ = {
			isa = PBXFrameworksBuildPhase;
			buildActionMask = 2147483647;
			files = (
			);
			runOnlyForDeploymentPostprocessing = 0;
		};
/* End PBXFrameworksBuildPhase section */

/* Begin PBXGroup section */
		521492CC1F45DE5A00A75BE1 /* PodsFiles */ = {
			isa = PBXGroup;
			children = (
				5250C92A1F42DF6600153E65 /* FoldingCell.swift */,
				521492CD1F45DE8C00A75BE1 /* HidingNavigationBarManager.swift */,
				521492CE1F45DE8C00A75BE1 /* HidingViewController.swift */,
				5726DB141F48BA970019C984 /* CosmosDistrib.swift */,
			);
			name = PodsFiles;
			path = GoldenSewing;
			sourceTree = "<group>";
		};
		523ED2F31F29CA9400BE20E5 = {
			isa = PBXGroup;
			children = (
				523ED2FE1F29CA9400BE20E5 /* GoldenSewing */,
				521492CC1F45DE5A00A75BE1 /* PodsFiles */,
				523ED2FD1F29CA9400BE20E5 /* Products */,
			);
			sourceTree = "<group>";
		};
		523ED2FD1F29CA9400BE20E5 /* Products */ = {
			isa = PBXGroup;
			children = (
				523ED2FC1F29CA9400BE20E5 /* GoldenSewing.app */,
			);
			name = Products;
			sourceTree = "<group>";
		};
		523ED2FE1F29CA9400BE20E5 /* GoldenSewing */ = {
			isa = PBXGroup;
			children = (
				525108541F3087360044804C /* Models */,
				525108531F30872B0044804C /* Services */,
				525108521F30871E0044804C /* Controllers */,
				523ED3081F29CA9400BE20E5 /* LaunchScreen.storyboard */,
				525108551F3087430044804C /* Supported */,
			);
			path = GoldenSewing;
			sourceTree = "<group>";
		};
		525108521F30871E0044804C /* Controllers */ = {
			isa = PBXGroup;
			children = (
				523ED3031F29CA9400BE20E5 /* Main.storyboard */,
				5251083F1F2FA8040044804C /* FirstVC.swift */,
				52253B251F38DAC8009DF046 /* CategoriesVC.swift */,
				5726DB121F48975E0019C984 /* ProductsVC.swift */,
				523ED3111F2F6BDA00BE20E5 /* ProductsTVC.swift */,
				5251083D1F2F9D650044804C /* DetailVC.swift */,
				5236B2711F3B69C70072594D /* MetallonitVC.swift */,
			);
			name = Controllers;
			sourceTree = "<group>";
		};
		525108531F30872B0044804C /* Services */ = {
			isa = PBXGroup;
			children = (
				525108411F2FB35F0044804C /* PersistentService.swift */,
				525108431F307DC50044804C /* CoreDataStack.swift */,
			);
			name = Services;
			sourceTree = "<group>";
		};
		525108541F3087360044804C /* Models */ = {
			isa = PBXGroup;
			children = (
				5236AC5C1F32F3470077AC80 /* Product+CoreDataClass.swift */,
				5236AC5D1F32F3470077AC80 /* Product+CoreDataProperties.swift */,
				5251084C1F307EF60044804C /* ProductCategory+CoreDataClass.swift */,
				5251084D1F307EF60044804C /* ProductCategory+CoreDataProperties.swift */,
				525108451F307E1F0044804C /* Model.xcdatamodeld */,
				523ED3131F2F723700BE20E5 /* ProductTVCell.swift */,
				5236B2751F3C8BC60072594D /* CollViewCell.swift */,
				52C6B6951F3F5F02009171DC /* RaznoeCell.swift */,
				5251085C1F31C4B40044804C /* CategoriesTVCell.swift */,
				52F293121F4445BD00D07842 /* UnfoldingCell.swift */,
			);
			name = Models;
			sourceTree = "<group>";
		};
		525108551F3087430044804C /* Supported */ = {
			isa = PBXGroup;
			children = (
				525108561F30E5140044804C /* Constants.swift */,
				5250C9281F42CC2800153E65 /* UIApplication+Extension.swift */,
				52526DEC1F3F29CC00621B87 /* Date+Extension.swift */,
				52526DEE1F3F46D400621B87 /* NSDate+Extension.swift */,
				525108581F30E5C00044804C /* UIColor+Extension.swift */,
				52253B291F39EAEE009DF046 /* UITableViewCell+Extension.swift */,
				52253B271F39A134009DF046 /* String+Extension.swift */,
				52C6B6971F3F820E009171DC /* UIImageView+Extension.swift */,
				52F293101F437BBB00D07842 /* UIViewX.swift */,
				523ED2FF1F29CA9400BE20E5 /* AppDelegate.swift */,
				523ED30B1F29CA9400BE20E5 /* Info.plist */,
				573B0CF21F49C76B00BD6121 /* pop.mp3 */,
				523ED3061F29CA9400BE20E5 /* Assets.xcassets */,
			);
			name = Supported;
			sourceTree = "<group>";
		};
/* End PBXGroup section */

/* Begin PBXNativeTarget section */
		523ED2FB1F29CA9400BE20E5 /* GoldenSewing */ = {
			isa = PBXNativeTarget;
			buildConfigurationList = 523ED30E1F29CA9400BE20E5 /* Build configuration list for PBXNativeTarget "GoldenSewing" */;
			buildPhases = (
				523ED2F81F29CA9400BE20E5 /* Sources */,
				523ED2F91F29CA9400BE20E5 /* Frameworks */,
				523ED2FA1F29CA9400BE20E5 /* Resources */,
			);
			buildRules = (
			);
			dependencies = (
			);
			name = GoldenSewing;
			productName = GoldenSewing;
			productReference = 523ED2FC1F29CA9400BE20E5 /* GoldenSewing.app */;
			productType = "com.apple.product-type.application";
		};
/* End PBXNativeTarget section */

/* Begin PBXProject section */
		523ED2F41F29CA9400BE20E5 /* Project object */ = {
			isa = PBXProject;
			attributes = {
				LastSwiftUpdateCheck = 0830;
				LastUpgradeCheck = 0830;
				ORGANIZATIONNAME = "Stanly Shiyanovskiy";
				TargetAttributes = {
					523ED2FB1F29CA9400BE20E5 = {
						CreatedOnToolsVersion = 8.3.3;
						DevelopmentTeam = 3PTYV272Z4;
						ProvisioningStyle = Automatic;
					};
				};
			};
			buildConfigurationList = 523ED2F71F29CA9400BE20E5 /* Build configuration list for PBXProject "GoldenSewing" */;
			compatibilityVersion = "Xcode 3.2";
			developmentRegion = English;
			hasScannedForEncodings = 0;
			knownRegions = (
				en,
				Base,
			);
			mainGroup = 523ED2F31F29CA9400BE20E5;
			productRefGroup = 523ED2FD1F29CA9400BE20E5 /* Products */;
			projectDirPath = "";
			projectRoot = "";
			targets = (
				523ED2FB1F29CA9400BE20E5 /* GoldenSewing */,
			);
		};
/* End PBXProject section */

/* Begin PBXResourcesBuildPhase section */
		523ED2FA1F29CA9400BE20E5 /* Resources */ = {
			isa = PBXResourcesBuildPhase;
			buildActionMask = 2147483647;
			files = (
				573B0CF31F49C76B00BD6121 /* pop.mp3 in Resources */,
				523ED30A1F29CA9400BE20E5 /* LaunchScreen.storyboard in Resources */,
				523ED3071F29CA9400BE20E5 /* Assets.xcassets in Resources */,
				523ED3051F29CA9400BE20E5 /* Main.storyboard in Resources */,
			);
			runOnlyForDeploymentPostprocessing = 0;
		};
/* End PBXResourcesBuildPhase section */

/* Begin PBXSourcesBuildPhase section */
		523ED2F81F29CA9400BE20E5 /* Sources */ = {
			isa = PBXSourcesBuildPhase;
			buildActionMask = 2147483647;
			files = (
				525108441F307DC50044804C /* CoreDataStack.swift in Sources */,
				5250C92B1F42DF6600153E65 /* FoldingCell.swift in Sources */,
				525108421F2FB35F0044804C /* PersistentService.swift in Sources */,
				5726DB131F48975E0019C984 /* ProductsVC.swift in Sources */,
				5236B2761F3C8BC60072594D /* CollViewCell.swift in Sources */,
				52F293111F437BBB00D07842 /* UIViewX.swift in Sources */,
				523ED3001F29CA9400BE20E5 /* AppDelegate.swift in Sources */,
				525108471F307E1F0044804C /* Model.xcdatamodeld in Sources */,
				5251083E1F2F9D650044804C /* DetailVC.swift in Sources */,
				52526DEF1F3F46D400621B87 /* NSDate+Extension.swift in Sources */,
				523ED3121F2F6BDA00BE20E5 /* ProductsTVC.swift in Sources */,
				52253B2A1F39EAEE009DF046 /* UITableViewCell+Extension.swift in Sources */,
				5236B2721F3B69C70072594D /* MetallonitVC.swift in Sources */,
				52C6B6961F3F5F02009171DC /* RaznoeCell.swift in Sources */,
				5251085D1F31C4B40044804C /* CategoriesTVCell.swift in Sources */,
				521492CF1F45DE8C00A75BE1 /* HidingNavigationBarManager.swift in Sources */,
				5236AC5E1F32F3470077AC80 /* Product+CoreDataClass.swift in Sources */,
				52526DED1F3F29CC00621B87 /* Date+Extension.swift in Sources */,
				525108401F2FA8040044804C /* FirstVC.swift in Sources */,
				5726DB151F48BA970019C984 /* CosmosDistrib.swift in Sources */,
				52253B281F39A134009DF046 /* String+Extension.swift in Sources */,
				5251084E1F307EF60044804C /* ProductCategory+CoreDataClass.swift in Sources */,
				523ED3141F2F723700BE20E5 /* ProductTVCell.swift in Sources */,
				52C6B6981F3F820E009171DC /* UIImageView+Extension.swift in Sources */,
				525108591F30E5C00044804C /* UIColor+Extension.swift in Sources */,
				521492D01F45DE8C00A75BE1 /* HidingViewController.swift in Sources */,
				52253B261F38DAC8009DF046 /* CategoriesVC.swift in Sources */,
				5251084F1F307EF60044804C /* ProductCategory+CoreDataProperties.swift in Sources */,
				5236AC5F1F32F3470077AC80 /* Product+CoreDataProperties.swift in Sources */,
				5250C9291F42CC2900153E65 /* UIApplication+Extension.swift in Sources */,
				525108571F30E5140044804C /* Constants.swift in Sources */,
				52F293131F4445BD00D07842 /* UnfoldingCell.swift in Sources */,
			);
			runOnlyForDeploymentPostprocessing = 0;
		};
/* End PBXSourcesBuildPhase section */

/* Begin PBXVariantGroup section */
		523ED3031F29CA9400BE20E5 /* Main.storyboard */ = {
			isa = PBXVariantGroup;
			children = (
				523ED3041F29CA9400BE20E5 /* Base */,
			);
			name = Main.storyboard;
			sourceTree = "<group>";
		};
		523ED3081F29CA9400BE20E5 /* LaunchScreen.storyboard */ = {
			isa = PBXVariantGroup;
			children = (
				523ED3091F29CA9400BE20E5 /* Base */,
			);
			name = LaunchScreen.storyboard;
			sourceTree = "<group>";
		};
/* End PBXVariantGroup section */

/* Begin XCBuildConfiguration section */
		523ED30C1F29CA9400BE20E5 /* Debug */ = {
			isa = XCBuildConfiguration;
			buildSettings = {
				ALWAYS_SEARCH_USER_PATHS = NO;
				CLANG_ANALYZER_NONNULL = YES;
				CLANG_ANALYZER_NUMBER_OBJECT_CONVERSION = YES_AGGRESSIVE;
				CLANG_CXX_LANGUAGE_STANDARD = "gnu++0x";
				CLANG_CXX_LIBRARY = "libc++";
				CLANG_ENABLE_MODULES = YES;
				CLANG_ENABLE_OBJC_ARC = YES;
				CLANG_WARN_BOOL_CONVERSION = YES;
				CLANG_WARN_CONSTANT_CONVERSION = YES;
				CLANG_WARN_DIRECT_OBJC_ISA_USAGE = YES_ERROR;
				CLANG_WARN_DOCUMENTATION_COMMENTS = YES;
				CLANG_WARN_EMPTY_BODY = YES;
				CLANG_WARN_ENUM_CONVERSION = YES;
				CLANG_WARN_INFINITE_RECURSION = YES;
				CLANG_WARN_INT_CONVERSION = YES;
				CLANG_WARN_OBJC_ROOT_CLASS = YES_ERROR;
				CLANG_WARN_SUSPICIOUS_MOVE = YES;
				CLANG_WARN_UNREACHABLE_CODE = YES;
				CLANG_WARN__DUPLICATE_METHOD_MATCH = YES;
				"CODE_SIGN_IDENTITY[sdk=iphoneos*]" = "iPhone Developer";
				COPY_PHASE_STRIP = NO;
				DEBUG_INFORMATION_FORMAT = dwarf;
				ENABLE_STRICT_OBJC_MSGSEND = YES;
				ENABLE_TESTABILITY = YES;
				GCC_C_LANGUAGE_STANDARD = gnu99;
				GCC_DYNAMIC_NO_PIC = NO;
				GCC_NO_COMMON_BLOCKS = YES;
				GCC_OPTIMIZATION_LEVEL = 0;
				GCC_PREPROCESSOR_DEFINITIONS = (
					"DEBUG=1",
					"$(inherited)",
				);
				GCC_WARN_64_TO_32_BIT_CONVERSION = YES;
				GCC_WARN_ABOUT_RETURN_TYPE = YES_ERROR;
				GCC_WARN_UNDECLARED_SELECTOR = YES;
				GCC_WARN_UNINITIALIZED_AUTOS = YES_AGGRESSIVE;
				GCC_WARN_UNUSED_FUNCTION = YES;
				GCC_WARN_UNUSED_VARIABLE = YES;
				IPHONEOS_DEPLOYMENT_TARGET = 10.3;
				MTL_ENABLE_DEBUG_INFO = YES;
				ONLY_ACTIVE_ARCH = YES;
				SDKROOT = iphoneos;
				SWIFT_ACTIVE_COMPILATION_CONDITIONS = DEBUG;
				SWIFT_OPTIMIZATION_LEVEL = "-Onone";
			};
			name = Debug;
		};
		523ED30D1F29CA9400BE20E5 /* Release */ = {
			isa = XCBuildConfiguration;
			buildSettings = {
				ALWAYS_SEARCH_USER_PATHS = NO;
				CLANG_ANALYZER_NONNULL = YES;
				CLANG_ANALYZER_NUMBER_OBJECT_CONVERSION = YES_AGGRESSIVE;
				CLANG_CXX_LANGUAGE_STANDARD = "gnu++0x";
				CLANG_CXX_LIBRARY = "libc++";
				CLANG_ENABLE_MODULES = YES;
				CLANG_ENABLE_OBJC_ARC = YES;
				CLANG_WARN_BOOL_CONVERSION = YES;
				CLANG_WARN_CONSTANT_CONVERSION = YES;
				CLANG_WARN_DIRECT_OBJC_ISA_USAGE = YES_ERROR;
				CLANG_WARN_DOCUMENTATION_COMMENTS = YES;
				CLANG_WARN_EMPTY_BODY = YES;
				CLANG_WARN_ENUM_CONVERSION = YES;
				CLANG_WARN_INFINITE_RECURSION = YES;
				CLANG_WARN_INT_CONVERSION = YES;
				CLANG_WARN_OBJC_ROOT_CLASS = YES_ERROR;
				CLANG_WARN_SUSPICIOUS_MOVE = YES;
				CLANG_WARN_UNREACHABLE_CODE = YES;
				CLANG_WARN__DUPLICATE_METHOD_MATCH = YES;
				"CODE_SIGN_IDENTITY[sdk=iphoneos*]" = "iPhone Developer";
				COPY_PHASE_STRIP = NO;
				DEBUG_INFORMATION_FORMAT = "dwarf-with-dsym";
				ENABLE_NS_ASSERTIONS = NO;
				ENABLE_STRICT_OBJC_MSGSEND = YES;
				GCC_C_LANGUAGE_STANDARD = gnu99;
				GCC_NO_COMMON_BLOCKS = YES;
				GCC_WARN_64_TO_32_BIT_CONVERSION = YES;
				GCC_WARN_ABOUT_RETURN_TYPE = YES_ERROR;
				GCC_WARN_UNDECLARED_SELECTOR = YES;
				GCC_WARN_UNINITIALIZED_AUTOS = YES_AGGRESSIVE;
				GCC_WARN_UNUSED_FUNCTION = YES;
				GCC_WARN_UNUSED_VARIABLE = YES;
				IPHONEOS_DEPLOYMENT_TARGET = 10.3;
				MTL_ENABLE_DEBUG_INFO = NO;
				SDKROOT = iphoneos;
				SWIFT_OPTIMIZATION_LEVEL = "-Owholemodule";
				VALIDATE_PRODUCT = YES;
			};
			name = Release;
		};
		523ED30F1F29CA9400BE20E5 /* Debug */ = {
			isa = XCBuildConfiguration;
			buildSettings = {
				ASSETCATALOG_COMPILER_APPICON_NAME = AppIcon;
				DEVELOPMENT_TEAM = 3PTYV272Z4;
				INFOPLIST_FILE = GoldenSewing/Info.plist;
				IPHONEOS_DEPLOYMENT_TARGET = 10.0;
				LD_RUNPATH_SEARCH_PATHS = "$(inherited) @executable_path/Frameworks";
				PRODUCT_BUNDLE_IDENTIFIER = SiS.GoldenSewing;
				PRODUCT_NAME = "$(TARGET_NAME)";
				SWIFT_VERSION = 3.0;
			};
			name = Debug;
		};
		523ED3101F29CA9400BE20E5 /* Release */ = {
			isa = XCBuildConfiguration;
			buildSettings = {
				ASSETCATALOG_COMPILER_APPICON_NAME = AppIcon;
				DEVELOPMENT_TEAM = 3PTYV272Z4;
				INFOPLIST_FILE = GoldenSewing/Info.plist;
				IPHONEOS_DEPLOYMENT_TARGET = 10.0;
				LD_RUNPATH_SEARCH_PATHS = "$(inherited) @executable_path/Frameworks";
				PRODUCT_BUNDLE_IDENTIFIER = SiS.GoldenSewing;
				PRODUCT_NAME = "$(TARGET_NAME)";
				SWIFT_VERSION = 3.0;
			};
			name = Release;
		};
/* End XCBuildConfiguration section */

/* Begin XCConfigurationList section */
		523ED2F71F29CA9400BE20E5 /* Build configuration list for PBXProject "GoldenSewing" */ = {
			isa = XCConfigurationList;
			buildConfigurations = (
				523ED30C1F29CA9400BE20E5 /* Debug */,
				523ED30D1F29CA9400BE20E5 /* Release */,
			);
			defaultConfigurationIsVisible = 0;
			defaultConfigurationName = Release;
		};
		523ED30E1F29CA9400BE20E5 /* Build configuration list for PBXNativeTarget "GoldenSewing" */ = {
			isa = XCConfigurationList;
			buildConfigurations = (
				523ED30F1F29CA9400BE20E5 /* Debug */,
				523ED3101F29CA9400BE20E5 /* Release */,
			);
			defaultConfigurationIsVisible = 0;
			defaultConfigurationName = Release;
		};
/* End XCConfigurationList section */

/* Begin XCVersionGroup section */
		525108451F307E1F0044804C /* Model.xcdatamodeld */ = {
			isa = XCVersionGroup;
			children = (
				525108461F307E1F0044804C /* Model.xcdatamodel */,
			);
			currentVersion = 525108461F307E1F0044804C /* Model.xcdatamodel */;
			path = Model.xcdatamodeld;
			sourceTree = "<group>";
			versionGroupType = wrapper.xcdatamodel;
		};
/* End XCVersionGroup section */
	};
	rootObject = 523ED2F41F29CA9400BE20E5 /* Project object */;
}
