// !$*UTF8*$!
{
	archiveVersion = 1;
	classes = {
	};
	objectVersion = 46;
	objects = {

/* Begin PBXBuildFile section */
		521492CF1F45DE8C00A75BE1 /* HidingNavigationBarManager.swift in Sources */ = {isa = PBXBuildFile; fileRef = 521492CD1F45DE8C00A75BE1 /* HidingNavigationBarManager.swift */; };
		521492D01F45DE8C00A75BE1 /* HidingViewController.swift in Sources */ = {isa = PBXBuildFile; fileRef = 521492CE1F45DE8C00A75BE1 /* HidingViewController.swift */; };
		52253B261F38DAC8009DF046 /* CategoriesVC.swift in Sources */ = {isa = PBXBuildFile; fileRef = 52253B251F38DAC8009DF046 /* CategoriesVC.swift */; };
		52253B281F39A134009DF046 /* String+Extension.swift in Sources */ = {isa = PBXBuildFile; fileRef = 52253B271F39A134009DF046 /* String+Extension.swift */; };
		52253B2A1F39EAEE009DF046 /* UITableViewCell+Extension.swift in Sources */ = {isa = PBXBuildFile; fileRef = 52253B291F39EAEE009DF046 /* UITableViewCell+Extension.swift */; };
		5226D6511F51CDF300AD7812 /* PopularVC.swift in Sources */ = {isa = PBXBuildFile; fileRef = 5226D6501F51CDF300AD7812 /* PopularVC.swift */; };
		5226D6531F57E6F200AD7812 /* PopularHeader.swift in Sources */ = {isa = PBXBuildFile; fileRef = 5226D6521F57E6F200AD7812 /* PopularHeader.swift */; };
		5226D6551F57E7E500AD7812 /* UIView+Extension.swift in Sources */ = {isa = PBXBuildFile; fileRef = 5226D6541F57E7E500AD7812 /* UIView+Extension.swift */; };
		5236AC5E1F32F3470077AC80 /* Product+CoreDataClass.swift in Sources */ = {isa = PBXBuildFile; fileRef = 5236AC5C1F32F3470077AC80 /* Product+CoreDataClass.swift */; };
		5236AC5F1F32F3470077AC80 /* Product+CoreDataProperties.swift in Sources */ = {isa = PBXBuildFile; fileRef = 5236AC5D1F32F3470077AC80 /* Product+CoreDataProperties.swift */; };
		5236B2721F3B69C70072594D /* MetallonitVC.swift in Sources */ = {isa = PBXBuildFile; fileRef = 5236B2711F3B69C70072594D /* MetallonitVC.swift */; };
		5236B2761F3C8BC60072594D /* CollViewCell.swift in Sources */ = {isa = PBXBuildFile; fileRef = 5236B2751F3C8BC60072594D /* CollViewCell.swift */; };
		523ED3001F29CA9400BE20E5 /* AppDelegate.swift in Sources */ = {isa = PBXBuildFile; fileRef = 523ED2FF1F29CA9400BE20E5 /* AppDelegate.swift */; };
		523ED3051F29CA9400BE20E5 /* Main.storyboard in Resources */ = {isa = PBXBuildFile; fileRef = 523ED3031F29CA9400BE20E5 /* Main.storyboard */; };
		523ED3071F29CA9400BE20E5 /* Assets.xcassets in Resources */ = {isa = PBXBuildFile; fileRef = 523ED3061F29CA9400BE20E5 /* Assets.xcassets */; };
		523ED30A1F29CA9400BE20E5 /* LaunchScreen.storyboard in Resources */ = {isa = PBXBuildFile; fileRef = 523ED3081F29CA9400BE20E5 /* LaunchScreen.storyboard */; };
		523ED3141F2F723700BE20E5 /* ProductTVCell.swift in Sources */ = {isa = PBXBuildFile; fileRef = 523ED3131F2F723700BE20E5 /* ProductTVCell.swift */; };
		5250C9291F42CC2900153E65 /* UIApplication+Extension.swift in Sources */ = {isa = PBXBuildFile; fileRef = 5250C9281F42CC2800153E65 /* UIApplication+Extension.swift */; };
		5250C92B1F42DF6600153E65 /* FoldingCell.swift in Sources */ = {isa = PBXBuildFile; fileRef = 5250C92A1F42DF6600153E65 /* FoldingCell.swift */; };
		5251083E1F2F9D650044804C /* DetailVC.swift in Sources */ = {isa = PBXBuildFile; fileRef = 5251083D1F2F9D650044804C /* DetailVC.swift */; };
		525108401F2FA8040044804C /* FirstVC.swift in Sources */ = {isa = PBXBuildFile; fileRef = 5251083F1F2FA8040044804C /* FirstVC.swift */; };
		525108421F2FB35F0044804C /* PersistentService.swift in Sources */ = {isa = PBXBuildFile; fileRef = 525108411F2FB35F0044804C /* PersistentService.swift */; };
		525108441F307DC50044804C /* CoreDataStack.swift in Sources */ = {isa = PBXBuildFile; fileRef = 525108431F307DC50044804C /* CoreDataStack.swift */; };
		525108471F307E1F0044804C /* Model.xcdatamodeld in Sources */ = {isa = PBXBuildFile; fileRef = 525108451F307E1F0044804C /* Model.xcdatamodeld */; };
		5251084E1F307EF60044804C /* ProductCategory+CoreDataClass.swift in Sources */ = {isa = PBXBuildFile; fileRef = 5251084C1F307EF60044804C /* ProductCategory+CoreDataClass.swift */; };
		5251084F1F307EF60044804C /* ProductCategory+CoreDataProperties.swift in Sources */ = {isa = PBXBuildFile; fileRef = 5251084D1F307EF60044804C /* ProductCategory+CoreDataProperties.swift */; };
		525108571F30E5140044804C /* Constants.swift in Sources */ = {isa = PBXBuildFile; fileRef = 525108561F30E5140044804C /* Constants.swift */; };
		525108591F30E5C00044804C /* UIColor+Extension.swift in Sources */ = {isa = PBXBuildFile; fileRef = 525108581F30E5C00044804C /* UIColor+Extension.swift */; };
		5251085D1F31C4B40044804C /* CategoriesTVCell.swift in Sources */ = {isa = PBXBuildFile; fileRef = 5251085C1F31C4B40044804C /* CategoriesTVCell.swift */; };
		52526DED1F3F29CC00621B87 /* Date+Extension.swift in Sources */ = {isa = PBXBuildFile; fileRef = 52526DEC1F3F29CC00621B87 /* Date+Extension.swift */; };
		52526DEF1F3F46D400621B87 /* NSDate+Extension.swift in Sources */ = {isa = PBXBuildFile; fileRef = 52526DEE1F3F46D400621B87 /* NSDate+Extension.swift */; };
		525C38AE21A48773003FE500 /* Delegates.swift in Sources */ = {isa = PBXBuildFile; fileRef = 525C38AD21A48773003FE500 /* Delegates.swift */; };
		525C38B121A487E9003FE500 /* LaunchControllerDelegate.swift in Sources */ = {isa = PBXBuildFile; fileRef = 525C38B021A487E9003FE500 /* LaunchControllerDelegate.swift */; };
		525C38B321A488C6003FE500 /* Launcher.swift in Sources */ = {isa = PBXBuildFile; fileRef = 525C38B221A488C6003FE500 /* Launcher.swift */; };
		525C38B621A48D41003FE500 /* NavigationController.swift in Sources */ = {isa = PBXBuildFile; fileRef = 525C38B521A48D41003FE500 /* NavigationController.swift */; };
		525C38B821A491B5003FE500 /* Router.swift in Sources */ = {isa = PBXBuildFile; fileRef = 525C38B721A491B5003FE500 /* Router.swift */; };
		525C38BB21A492B2003FE500 /* TabsPages.swift in Sources */ = {isa = PBXBuildFile; fileRef = 525C38BA21A492B2003FE500 /* TabsPages.swift */; };
		525C38BE21A4A467003FE500 /* GreetingController.swift in Sources */ = {isa = PBXBuildFile; fileRef = 525C38BC21A4A467003FE500 /* GreetingController.swift */; };
		525C38BF21A4A467003FE500 /* GreetingController.xib in Resources */ = {isa = PBXBuildFile; fileRef = 525C38BD21A4A467003FE500 /* GreetingController.xib */; };
		525FB76321AABF7400F451C8 /* ApiClientService.swift in Sources */ = {isa = PBXBuildFile; fileRef = 525FB76221AABF7400F451C8 /* ApiClientService.swift */; };
		525FB76C21AAC4E800F451C8 /* ThrowableTask.swift in Sources */ = {isa = PBXBuildFile; fileRef = 525FB76521AAC4E800F451C8 /* ThrowableTask.swift */; };
		525FB76D21AAC4E800F451C8 /* Collection.swift in Sources */ = {isa = PBXBuildFile; fileRef = 525FB76621AAC4E800F451C8 /* Collection.swift */; };
		525FB76E21AAC4E800F451C8 /* Thunkify.swift in Sources */ = {isa = PBXBuildFile; fileRef = 525FB76721AAC4E800F451C8 /* Thunkify.swift */; };
		525FB76F21AAC4E800F451C8 /* Config.swift in Sources */ = {isa = PBXBuildFile; fileRef = 525FB76821AAC4E800F451C8 /* Config.swift */; };
		525FB77021AAC4E800F451C8 /* DispatchQueue.swift in Sources */ = {isa = PBXBuildFile; fileRef = 525FB76921AAC4E800F451C8 /* DispatchQueue.swift */; };
		525FB77121AAC4E800F451C8 /* Helper.swift in Sources */ = {isa = PBXBuildFile; fileRef = 525FB76A21AAC4E800F451C8 /* Helper.swift */; };
		525FB77221AAC4E800F451C8 /* Task.swift in Sources */ = {isa = PBXBuildFile; fileRef = 525FB76B21AAC4E800F451C8 /* Task.swift */; };
		525FB77421AAC59400F451C8 /* AsyncQueueExtension.swift in Sources */ = {isa = PBXBuildFile; fileRef = 525FB77321AAC59400F451C8 /* AsyncQueueExtension.swift */; };
		525FB77621AACC8900F451C8 /* ApiRequestService.swift in Sources */ = {isa = PBXBuildFile; fileRef = 525FB77521AACC8900F451C8 /* ApiRequestService.swift */; };
		525FB77821AACF0F00F451C8 /* CategoriesCacheService.swift in Sources */ = {isa = PBXBuildFile; fileRef = 525FB77721AACF0F00F451C8 /* CategoriesCacheService.swift */; };
		525FB78121AAD24300F451C8 /* ArrayExtension.swift in Sources */ = {isa = PBXBuildFile; fileRef = 525FB78021AAD24300F451C8 /* ArrayExtension.swift */; };
		525FB78721AAD90600F451C8 /* Guid.swift in Sources */ = {isa = PBXBuildFile; fileRef = 525FB78621AAD90600F451C8 /* Guid.swift */; };
		525FB78921AAF4DB00F451C8 /* ApiResponse.swift in Sources */ = {isa = PBXBuildFile; fileRef = 525FB78821AAF4DB00F451C8 /* ApiResponse.swift */; };
		525FB78B21AAF53E00F451C8 /* HttpStatusCode.swift in Sources */ = {isa = PBXBuildFile; fileRef = 525FB78A21AAF53E00F451C8 /* HttpStatusCode.swift */; };
		526E36E2224FCCC500E7B67B /* ProductsView.swift in Sources */ = {isa = PBXBuildFile; fileRef = 526E36E0224FCCC500E7B67B /* ProductsView.swift */; };
		526E36E3224FCCC500E7B67B /* ProductsView.xib in Resources */ = {isa = PBXBuildFile; fileRef = 526E36E1224FCCC500E7B67B /* ProductsView.xib */; };
		526E36E5224FCCEB00E7B67B /* ProductsPresenter.swift in Sources */ = {isa = PBXBuildFile; fileRef = 526E36E4224FCCEB00E7B67B /* ProductsPresenter.swift */; };
		526E36E7224FCCFA00E7B67B /* ProductsInteractor.swift in Sources */ = {isa = PBXBuildFile; fileRef = 526E36E6224FCCFA00E7B67B /* ProductsInteractor.swift */; };
		526E36E9224FD99500E7B67B /* GSViewController.swift in Sources */ = {isa = PBXBuildFile; fileRef = 526E36E8224FD99500E7B67B /* GSViewController.swift */; };
		526E36EC224FE98300E7B67B /* ProductsCacheService.swift in Sources */ = {isa = PBXBuildFile; fileRef = 526E36EB224FE98300E7B67B /* ProductsCacheService.swift */; };
		526E36EE224FEF7000E7B67B /* ProductModel.swift in Sources */ = {isa = PBXBuildFile; fileRef = 526E36ED224FEF7000E7B67B /* ProductModel.swift */; };
		52B47963219A0CA20099698C /* NotificationService.swift in Sources */ = {isa = PBXBuildFile; fileRef = 52B47962219A0CA20099698C /* NotificationService.swift */; };
		52B47967219A0CA20099698C /* OneSignalNotificationServiceExtension.appex in Embed App Extensions */ = {isa = PBXBuildFile; fileRef = 52B47960219A0CA20099698C /* OneSignalNotificationServiceExtension.appex */; settings = {ATTRIBUTES = (RemoveHeadersOnCopy, ); }; };
		52B8F4B71F57FEC500A0CD37 /* ProductCell.swift in Sources */ = {isa = PBXBuildFile; fileRef = 52B8F4B51F57FEC500A0CD37 /* ProductCell.swift */; };
		52B8F4B81F57FEC500A0CD37 /* ProductCell.xib in Resources */ = {isa = PBXBuildFile; fileRef = 52B8F4B61F57FEC500A0CD37 /* ProductCell.xib */; };
		52B8F4BA1F58405D00A0CD37 /* CustomNavigation.swift in Sources */ = {isa = PBXBuildFile; fileRef = 52B8F4B91F58405D00A0CD37 /* CustomNavigation.swift */; };
		52B8F4BC1F5C387F00A0CD37 /* TutorialPageVC.swift in Sources */ = {isa = PBXBuildFile; fileRef = 52B8F4BB1F5C387F00A0CD37 /* TutorialPageVC.swift */; };
		52B8F4BE1F5C39F900A0CD37 /* PageItemVC.swift in Sources */ = {isa = PBXBuildFile; fileRef = 52B8F4BD1F5C39F900A0CD37 /* PageItemVC.swift */; };
		52C6B6961F3F5F02009171DC /* RaznoeCell.swift in Sources */ = {isa = PBXBuildFile; fileRef = 52C6B6951F3F5F02009171DC /* RaznoeCell.swift */; };
		52C6B6981F3F820E009171DC /* UIImageView+Extension.swift in Sources */ = {isa = PBXBuildFile; fileRef = 52C6B6971F3F820E009171DC /* UIImageView+Extension.swift */; };
		52D068FC226252FC00C8E052 /* ProductsCollectionView.swift in Sources */ = {isa = PBXBuildFile; fileRef = 52D068FB226252FC00C8E052 /* ProductsCollectionView.swift */; };
		52D069002262546500C8E052 /* ProductsCellFactory.swift in Sources */ = {isa = PBXBuildFile; fileRef = 52D068FF2262546500C8E052 /* ProductsCellFactory.swift */; };
		52D06905226255E000C8E052 /* ProductsHorizontalCVCell.swift in Sources */ = {isa = PBXBuildFile; fileRef = 52D06903226255E000C8E052 /* ProductsHorizontalCVCell.swift */; };
		52D06907226255E000C8E052 /* ProductsHorizontalCVCell.xib in Resources */ = {isa = PBXBuildFile; fileRef = 52D06904226255E000C8E052 /* ProductsHorizontalCVCell.xib */; };
		52D06908226255E000C8E052 /* ProductsHorizontalCVCell.xib in Resources */ = {isa = PBXBuildFile; fileRef = 52D06904226255E000C8E052 /* ProductsHorizontalCVCell.xib */; };
		52D0690A226258A600C8E052 /* ProductCardProtocol.swift in Sources */ = {isa = PBXBuildFile; fileRef = 52D06909226258A600C8E052 /* ProductCardProtocol.swift */; };
		52D0690C2263435400C8E052 /* CachedImage.swift in Sources */ = {isa = PBXBuildFile; fileRef = 52D0690B2263435400C8E052 /* CachedImage.swift */; };
		52D23C561F4EC92900A91ADD /* CustomTabBarController.swift in Sources */ = {isa = PBXBuildFile; fileRef = 52D23C551F4EC92900A91ADD /* CustomTabBarController.swift */; };
		52D23C581F4ECDA700A91ADD /* AboutUsVC.swift in Sources */ = {isa = PBXBuildFile; fileRef = 52D23C571F4ECDA700A91ADD /* AboutUsVC.swift */; };
		52D23C5A1F4F28C600A91ADD /* ContactsVC.swift in Sources */ = {isa = PBXBuildFile; fileRef = 52D23C591F4F28C600A91ADD /* ContactsVC.swift */; };
		52D23C5D1F4F320100A91ADD /* MapKit.framework in Frameworks */ = {isa = PBXBuildFile; fileRef = 52D23C5C1F4F320100A91ADD /* MapKit.framework */; };
		52D284912264861900EA9B05 /* ImageContainerModel.swift in Sources */ = {isa = PBXBuildFile; fileRef = 52D284902264861900EA9B05 /* ImageContainerModel.swift */; };
		52D7858121A8A23900D5999E /* CategoriesView.swift in Sources */ = {isa = PBXBuildFile; fileRef = 52D7857F21A8A23900D5999E /* CategoriesView.swift */; };
		52D7858221A8A23900D5999E /* CategoriesView.xib in Resources */ = {isa = PBXBuildFile; fileRef = 52D7858021A8A23900D5999E /* CategoriesView.xib */; };
		52D7858421A9605000D5999E /* CategoriesPresnter.swift in Sources */ = {isa = PBXBuildFile; fileRef = 52D7858321A9605000D5999E /* CategoriesPresnter.swift */; };
		52D7858621A9605C00D5999E /* CategoriesInteractor.swift in Sources */ = {isa = PBXBuildFile; fileRef = 52D7858521A9605C00D5999E /* CategoriesInteractor.swift */; };
		52D7858A21A96AA500D5999E /* CategoriesCell.swift in Sources */ = {isa = PBXBuildFile; fileRef = 52D7858821A96AA500D5999E /* CategoriesCell.swift */; };
		52D7858B21A96AA500D5999E /* CategoriesCell.xib in Resources */ = {isa = PBXBuildFile; fileRef = 52D7858921A96AA500D5999E /* CategoriesCell.xib */; };
		52D7858D21A97A3400D5999E /* CategoryModel.swift in Sources */ = {isa = PBXBuildFile; fileRef = 52D7858C21A97A3400D5999E /* CategoryModel.swift */; };
		52F293111F437BBB00D07842 /* UIViewX.swift in Sources */ = {isa = PBXBuildFile; fileRef = 52F293101F437BBB00D07842 /* UIViewX.swift */; };
		52F293131F4445BD00D07842 /* UnfoldingCell.swift in Sources */ = {isa = PBXBuildFile; fileRef = 52F293121F4445BD00D07842 /* UnfoldingCell.swift */; };
		52F372EE2183889E00C1FAEE /* GoogleService-Info.plist in Resources */ = {isa = PBXBuildFile; fileRef = 52F372ED2183889E00C1FAEE /* GoogleService-Info.plist */; };
		52F372F1218397E000C1FAEE /* AppDelegate+Notifications.swift in Sources */ = {isa = PBXBuildFile; fileRef = 52F372F0218397E000C1FAEE /* AppDelegate+Notifications.swift */; };
		5726DB131F48975E0019C984 /* ProductsVC.swift in Sources */ = {isa = PBXBuildFile; fileRef = 5726DB121F48975E0019C984 /* ProductsVC.swift */; };
		5726DB151F48BA970019C984 /* CosmosDistrib.swift in Sources */ = {isa = PBXBuildFile; fileRef = 5726DB141F48BA970019C984 /* CosmosDistrib.swift */; };
		573B0CF31F49C76B00BD6121 /* pop.mp3 in Resources */ = {isa = PBXBuildFile; fileRef = 573B0CF21F49C76B00BD6121 /* pop.mp3 */; };
		57CAB2AE1F4B597000861C6A /* CustomScroll.swift in Sources */ = {isa = PBXBuildFile; fileRef = 57CAB2AD1F4B597000861C6A /* CustomScroll.swift */; };
		BCDAC5875C33442E96446B0E /* Pods_OneSignalNotificationServiceExtension.framework in Frameworks */ = {isa = PBXBuildFile; fileRef = CDB4AEFED8A00C3FF84EC710 /* Pods_OneSignalNotificationServiceExtension.framework */; };
		E62974629E9D796E3587EB58 /* Pods_GoldenSewing.framework in Frameworks */ = {isa = PBXBuildFile; fileRef = DA9880B3529D71262B7DE151 /* Pods_GoldenSewing.framework */; };
/* End PBXBuildFile section */

/* Begin PBXContainerItemProxy section */
		52B47965219A0CA20099698C /* PBXContainerItemProxy */ = {
			isa = PBXContainerItemProxy;
			containerPortal = 523ED2F41F29CA9400BE20E5 /* Project object */;
			proxyType = 1;
			remoteGlobalIDString = 52B4795F219A0CA20099698C;
			remoteInfo = OneSignalNotificationServiceExtension;
		};
/* End PBXContainerItemProxy section */

/* Begin PBXCopyFilesBuildPhase section */
		52B4796B219A0CA20099698C /* Embed App Extensions */ = {
			isa = PBXCopyFilesBuildPhase;
			buildActionMask = 2147483647;
			dstPath = "";
			dstSubfolderSpec = 13;
			files = (
				52B47967219A0CA20099698C /* OneSignalNotificationServiceExtension.appex in Embed App Extensions */,
			);
			name = "Embed App Extensions";
			runOnlyForDeploymentPostprocessing = 0;
		};
/* End PBXCopyFilesBuildPhase section */

/* Begin PBXFileReference section */
		190674E63E3D99AE2F535BE5 /* Pods-GoldenSewing.release.xcconfig */ = {isa = PBXFileReference; includeInIndex = 1; lastKnownFileType = text.xcconfig; name = "Pods-GoldenSewing.release.xcconfig"; path = "Target Support Files/Pods-GoldenSewing/Pods-GoldenSewing.release.xcconfig"; sourceTree = "<group>"; };
		521492CD1F45DE8C00A75BE1 /* HidingNavigationBarManager.swift */ = {isa = PBXFileReference; fileEncoding = 4; lastKnownFileType = sourcecode.swift; path = HidingNavigationBarManager.swift; sourceTree = "<group>"; };
		521492CE1F45DE8C00A75BE1 /* HidingViewController.swift */ = {isa = PBXFileReference; fileEncoding = 4; lastKnownFileType = sourcecode.swift; path = HidingViewController.swift; sourceTree = "<group>"; };
		52253B251F38DAC8009DF046 /* CategoriesVC.swift */ = {isa = PBXFileReference; fileEncoding = 4; lastKnownFileType = sourcecode.swift; path = CategoriesVC.swift; sourceTree = "<group>"; };
		52253B271F39A134009DF046 /* String+Extension.swift */ = {isa = PBXFileReference; fileEncoding = 4; lastKnownFileType = sourcecode.swift; path = "String+Extension.swift"; sourceTree = "<group>"; };
		52253B291F39EAEE009DF046 /* UITableViewCell+Extension.swift */ = {isa = PBXFileReference; fileEncoding = 4; lastKnownFileType = sourcecode.swift; path = "UITableViewCell+Extension.swift"; sourceTree = "<group>"; };
		5226D6501F51CDF300AD7812 /* PopularVC.swift */ = {isa = PBXFileReference; fileEncoding = 4; lastKnownFileType = sourcecode.swift; path = PopularVC.swift; sourceTree = "<group>"; };
		5226D6521F57E6F200AD7812 /* PopularHeader.swift */ = {isa = PBXFileReference; fileEncoding = 4; lastKnownFileType = sourcecode.swift; path = PopularHeader.swift; sourceTree = "<group>"; };
		5226D6541F57E7E500AD7812 /* UIView+Extension.swift */ = {isa = PBXFileReference; fileEncoding = 4; lastKnownFileType = sourcecode.swift; path = "UIView+Extension.swift"; sourceTree = "<group>"; };
		5236AC5C1F32F3470077AC80 /* Product+CoreDataClass.swift */ = {isa = PBXFileReference; fileEncoding = 4; lastKnownFileType = sourcecode.swift; path = "Product+CoreDataClass.swift"; sourceTree = "<group>"; };
		5236AC5D1F32F3470077AC80 /* Product+CoreDataProperties.swift */ = {isa = PBXFileReference; fileEncoding = 4; lastKnownFileType = sourcecode.swift; path = "Product+CoreDataProperties.swift"; sourceTree = "<group>"; };
		5236B2711F3B69C70072594D /* MetallonitVC.swift */ = {isa = PBXFileReference; fileEncoding = 4; lastKnownFileType = sourcecode.swift; path = MetallonitVC.swift; sourceTree = "<group>"; };
		5236B2751F3C8BC60072594D /* CollViewCell.swift */ = {isa = PBXFileReference; fileEncoding = 4; lastKnownFileType = sourcecode.swift; path = CollViewCell.swift; sourceTree = "<group>"; };
		523ED2FC1F29CA9400BE20E5 /* GoldenSewing.app */ = {isa = PBXFileReference; explicitFileType = wrapper.application; includeInIndex = 0; path = GoldenSewing.app; sourceTree = BUILT_PRODUCTS_DIR; };
		523ED2FF1F29CA9400BE20E5 /* AppDelegate.swift */ = {isa = PBXFileReference; lastKnownFileType = sourcecode.swift; path = AppDelegate.swift; sourceTree = "<group>"; };
		523ED3041F29CA9400BE20E5 /* Base */ = {isa = PBXFileReference; lastKnownFileType = file.storyboard; name = Base; path = Base.lproj/Main.storyboard; sourceTree = "<group>"; };
		523ED3061F29CA9400BE20E5 /* Assets.xcassets */ = {isa = PBXFileReference; lastKnownFileType = folder.assetcatalog; path = Assets.xcassets; sourceTree = "<group>"; };
		523ED3091F29CA9400BE20E5 /* Base */ = {isa = PBXFileReference; lastKnownFileType = file.storyboard; name = Base; path = Base.lproj/LaunchScreen.storyboard; sourceTree = "<group>"; };
		523ED30B1F29CA9400BE20E5 /* Info.plist */ = {isa = PBXFileReference; lastKnownFileType = text.plist.xml; path = Info.plist; sourceTree = "<group>"; };
		523ED3131F2F723700BE20E5 /* ProductTVCell.swift */ = {isa = PBXFileReference; fileEncoding = 4; lastKnownFileType = sourcecode.swift; path = ProductTVCell.swift; sourceTree = "<group>"; };
		5250C9281F42CC2800153E65 /* UIApplication+Extension.swift */ = {isa = PBXFileReference; fileEncoding = 4; lastKnownFileType = sourcecode.swift; path = "UIApplication+Extension.swift"; sourceTree = "<group>"; };
		5250C92A1F42DF6600153E65 /* FoldingCell.swift */ = {isa = PBXFileReference; fileEncoding = 4; lastKnownFileType = sourcecode.swift; path = FoldingCell.swift; sourceTree = "<group>"; };
		5251083D1F2F9D650044804C /* DetailVC.swift */ = {isa = PBXFileReference; fileEncoding = 4; lastKnownFileType = sourcecode.swift; path = DetailVC.swift; sourceTree = "<group>"; };
		5251083F1F2FA8040044804C /* FirstVC.swift */ = {isa = PBXFileReference; fileEncoding = 4; lastKnownFileType = sourcecode.swift; path = FirstVC.swift; sourceTree = "<group>"; };
		525108411F2FB35F0044804C /* PersistentService.swift */ = {isa = PBXFileReference; fileEncoding = 4; lastKnownFileType = sourcecode.swift; path = PersistentService.swift; sourceTree = "<group>"; };
		525108431F307DC50044804C /* CoreDataStack.swift */ = {isa = PBXFileReference; fileEncoding = 4; lastKnownFileType = sourcecode.swift; path = CoreDataStack.swift; sourceTree = "<group>"; };
		525108461F307E1F0044804C /* Model.xcdatamodel */ = {isa = PBXFileReference; lastKnownFileType = wrapper.xcdatamodel; path = Model.xcdatamodel; sourceTree = "<group>"; };
		5251084C1F307EF60044804C /* ProductCategory+CoreDataClass.swift */ = {isa = PBXFileReference; fileEncoding = 4; lastKnownFileType = sourcecode.swift; path = "ProductCategory+CoreDataClass.swift"; sourceTree = "<group>"; };
		5251084D1F307EF60044804C /* ProductCategory+CoreDataProperties.swift */ = {isa = PBXFileReference; fileEncoding = 4; lastKnownFileType = sourcecode.swift; path = "ProductCategory+CoreDataProperties.swift"; sourceTree = "<group>"; };
		525108561F30E5140044804C /* Constants.swift */ = {isa = PBXFileReference; fileEncoding = 4; lastKnownFileType = sourcecode.swift; path = Constants.swift; sourceTree = "<group>"; };
		525108581F30E5C00044804C /* UIColor+Extension.swift */ = {isa = PBXFileReference; fileEncoding = 4; lastKnownFileType = sourcecode.swift; path = "UIColor+Extension.swift"; sourceTree = "<group>"; };
		5251085C1F31C4B40044804C /* CategoriesTVCell.swift */ = {isa = PBXFileReference; fileEncoding = 4; lastKnownFileType = sourcecode.swift; path = CategoriesTVCell.swift; sourceTree = "<group>"; };
		52526DEC1F3F29CC00621B87 /* Date+Extension.swift */ = {isa = PBXFileReference; fileEncoding = 4; lastKnownFileType = sourcecode.swift; path = "Date+Extension.swift"; sourceTree = "<group>"; };
		52526DEE1F3F46D400621B87 /* NSDate+Extension.swift */ = {isa = PBXFileReference; fileEncoding = 4; lastKnownFileType = sourcecode.swift; path = "NSDate+Extension.swift"; sourceTree = "<group>"; };
		525C38AD21A48773003FE500 /* Delegates.swift */ = {isa = PBXFileReference; lastKnownFileType = sourcecode.swift; path = Delegates.swift; sourceTree = "<group>"; };
		525C38B021A487E9003FE500 /* LaunchControllerDelegate.swift */ = {isa = PBXFileReference; lastKnownFileType = sourcecode.swift; path = LaunchControllerDelegate.swift; sourceTree = "<group>"; };
		525C38B221A488C6003FE500 /* Launcher.swift */ = {isa = PBXFileReference; lastKnownFileType = sourcecode.swift; path = Launcher.swift; sourceTree = "<group>"; };
		525C38B521A48D41003FE500 /* NavigationController.swift */ = {isa = PBXFileReference; lastKnownFileType = sourcecode.swift; path = NavigationController.swift; sourceTree = "<group>"; };
		525C38B721A491B5003FE500 /* Router.swift */ = {isa = PBXFileReference; lastKnownFileType = sourcecode.swift; path = Router.swift; sourceTree = "<group>"; };
		525C38BA21A492B2003FE500 /* TabsPages.swift */ = {isa = PBXFileReference; lastKnownFileType = sourcecode.swift; path = TabsPages.swift; sourceTree = "<group>"; };
		525C38BC21A4A467003FE500 /* GreetingController.swift */ = {isa = PBXFileReference; lastKnownFileType = sourcecode.swift; path = GreetingController.swift; sourceTree = "<group>"; };
		525C38BD21A4A467003FE500 /* GreetingController.xib */ = {isa = PBXFileReference; lastKnownFileType = file.xib; path = GreetingController.xib; sourceTree = "<group>"; };
		525FB76221AABF7400F451C8 /* ApiClientService.swift */ = {isa = PBXFileReference; lastKnownFileType = sourcecode.swift; path = ApiClientService.swift; sourceTree = "<group>"; };
		525FB76521AAC4E800F451C8 /* ThrowableTask.swift */ = {isa = PBXFileReference; fileEncoding = 4; lastKnownFileType = sourcecode.swift; path = ThrowableTask.swift; sourceTree = "<group>"; };
		525FB76621AAC4E800F451C8 /* Collection.swift */ = {isa = PBXFileReference; fileEncoding = 4; lastKnownFileType = sourcecode.swift; path = Collection.swift; sourceTree = "<group>"; };
		525FB76721AAC4E800F451C8 /* Thunkify.swift */ = {isa = PBXFileReference; fileEncoding = 4; lastKnownFileType = sourcecode.swift; path = Thunkify.swift; sourceTree = "<group>"; };
		525FB76821AAC4E800F451C8 /* Config.swift */ = {isa = PBXFileReference; fileEncoding = 4; lastKnownFileType = sourcecode.swift; path = Config.swift; sourceTree = "<group>"; };
		525FB76921AAC4E800F451C8 /* DispatchQueue.swift */ = {isa = PBXFileReference; fileEncoding = 4; lastKnownFileType = sourcecode.swift; path = DispatchQueue.swift; sourceTree = "<group>"; };
		525FB76A21AAC4E800F451C8 /* Helper.swift */ = {isa = PBXFileReference; fileEncoding = 4; lastKnownFileType = sourcecode.swift; path = Helper.swift; sourceTree = "<group>"; };
		525FB76B21AAC4E800F451C8 /* Task.swift */ = {isa = PBXFileReference; fileEncoding = 4; lastKnownFileType = sourcecode.swift; path = Task.swift; sourceTree = "<group>"; };
		525FB77321AAC59400F451C8 /* AsyncQueueExtension.swift */ = {isa = PBXFileReference; lastKnownFileType = sourcecode.swift; path = AsyncQueueExtension.swift; sourceTree = "<group>"; };
		525FB77521AACC8900F451C8 /* ApiRequestService.swift */ = {isa = PBXFileReference; lastKnownFileType = sourcecode.swift; path = ApiRequestService.swift; sourceTree = "<group>"; };
		525FB77721AACF0F00F451C8 /* CategoriesCacheService.swift */ = {isa = PBXFileReference; lastKnownFileType = sourcecode.swift; path = CategoriesCacheService.swift; sourceTree = "<group>"; };
		525FB78021AAD24300F451C8 /* ArrayExtension.swift */ = {isa = PBXFileReference; lastKnownFileType = sourcecode.swift; path = ArrayExtension.swift; sourceTree = "<group>"; };
		525FB78621AAD90600F451C8 /* Guid.swift */ = {isa = PBXFileReference; lastKnownFileType = sourcecode.swift; path = Guid.swift; sourceTree = "<group>"; };
		525FB78821AAF4DB00F451C8 /* ApiResponse.swift */ = {isa = PBXFileReference; lastKnownFileType = sourcecode.swift; path = ApiResponse.swift; sourceTree = "<group>"; };
		525FB78A21AAF53E00F451C8 /* HttpStatusCode.swift */ = {isa = PBXFileReference; lastKnownFileType = sourcecode.swift; path = HttpStatusCode.swift; sourceTree = "<group>"; };
		526E36E0224FCCC500E7B67B /* ProductsView.swift */ = {isa = PBXFileReference; lastKnownFileType = sourcecode.swift; path = ProductsView.swift; sourceTree = "<group>"; };
		526E36E1224FCCC500E7B67B /* ProductsView.xib */ = {isa = PBXFileReference; lastKnownFileType = file.xib; path = ProductsView.xib; sourceTree = "<group>"; };
		526E36E4224FCCEB00E7B67B /* ProductsPresenter.swift */ = {isa = PBXFileReference; lastKnownFileType = sourcecode.swift; path = ProductsPresenter.swift; sourceTree = "<group>"; };
		526E36E6224FCCFA00E7B67B /* ProductsInteractor.swift */ = {isa = PBXFileReference; lastKnownFileType = sourcecode.swift; path = ProductsInteractor.swift; sourceTree = "<group>"; };
		526E36E8224FD99500E7B67B /* GSViewController.swift */ = {isa = PBXFileReference; lastKnownFileType = sourcecode.swift; path = GSViewController.swift; sourceTree = "<group>"; };
		526E36EB224FE98300E7B67B /* ProductsCacheService.swift */ = {isa = PBXFileReference; lastKnownFileType = sourcecode.swift; path = ProductsCacheService.swift; sourceTree = "<group>"; };
		526E36ED224FEF7000E7B67B /* ProductModel.swift */ = {isa = PBXFileReference; lastKnownFileType = sourcecode.swift; path = ProductModel.swift; sourceTree = "<group>"; };
		52B47960219A0CA20099698C /* OneSignalNotificationServiceExtension.appex */ = {isa = PBXFileReference; explicitFileType = "wrapper.app-extension"; includeInIndex = 0; path = OneSignalNotificationServiceExtension.appex; sourceTree = BUILT_PRODUCTS_DIR; };
		52B47962219A0CA20099698C /* NotificationService.swift */ = {isa = PBXFileReference; lastKnownFileType = sourcecode.swift; path = NotificationService.swift; sourceTree = "<group>"; };
		52B47964219A0CA20099698C /* Info.plist */ = {isa = PBXFileReference; lastKnownFileType = text.plist.xml; path = Info.plist; sourceTree = "<group>"; };
		52B8F4B51F57FEC500A0CD37 /* ProductCell.swift */ = {isa = PBXFileReference; fileEncoding = 4; lastKnownFileType = sourcecode.swift; path = ProductCell.swift; sourceTree = "<group>"; };
		52B8F4B61F57FEC500A0CD37 /* ProductCell.xib */ = {isa = PBXFileReference; fileEncoding = 4; lastKnownFileType = file.xib; path = ProductCell.xib; sourceTree = "<group>"; };
		52B8F4B91F58405D00A0CD37 /* CustomNavigation.swift */ = {isa = PBXFileReference; fileEncoding = 4; lastKnownFileType = sourcecode.swift; path = CustomNavigation.swift; sourceTree = "<group>"; };
		52B8F4BB1F5C387F00A0CD37 /* TutorialPageVC.swift */ = {isa = PBXFileReference; fileEncoding = 4; lastKnownFileType = sourcecode.swift; path = TutorialPageVC.swift; sourceTree = "<group>"; };
		52B8F4BD1F5C39F900A0CD37 /* PageItemVC.swift */ = {isa = PBXFileReference; fileEncoding = 4; lastKnownFileType = sourcecode.swift; path = PageItemVC.swift; sourceTree = "<group>"; };
		52C6B6951F3F5F02009171DC /* RaznoeCell.swift */ = {isa = PBXFileReference; fileEncoding = 4; lastKnownFileType = sourcecode.swift; path = RaznoeCell.swift; sourceTree = "<group>"; };
		52C6B6971F3F820E009171DC /* UIImageView+Extension.swift */ = {isa = PBXFileReference; fileEncoding = 4; lastKnownFileType = sourcecode.swift; path = "UIImageView+Extension.swift"; sourceTree = "<group>"; };
		52D068FB226252FC00C8E052 /* ProductsCollectionView.swift */ = {isa = PBXFileReference; lastKnownFileType = sourcecode.swift; path = ProductsCollectionView.swift; sourceTree = "<group>"; };
		52D068FF2262546500C8E052 /* ProductsCellFactory.swift */ = {isa = PBXFileReference; lastKnownFileType = sourcecode.swift; path = ProductsCellFactory.swift; sourceTree = "<group>"; };
		52D06903226255E000C8E052 /* ProductsHorizontalCVCell.swift */ = {isa = PBXFileReference; lastKnownFileType = sourcecode.swift; path = ProductsHorizontalCVCell.swift; sourceTree = "<group>"; };
		52D06904226255E000C8E052 /* ProductsHorizontalCVCell.xib */ = {isa = PBXFileReference; lastKnownFileType = file.xib; path = ProductsHorizontalCVCell.xib; sourceTree = "<group>"; };
		52D06909226258A600C8E052 /* ProductCardProtocol.swift */ = {isa = PBXFileReference; lastKnownFileType = sourcecode.swift; path = ProductCardProtocol.swift; sourceTree = "<group>"; };
		52D0690B2263435400C8E052 /* CachedImage.swift */ = {isa = PBXFileReference; lastKnownFileType = sourcecode.swift; path = CachedImage.swift; sourceTree = "<group>"; };
		52D23C551F4EC92900A91ADD /* CustomTabBarController.swift */ = {isa = PBXFileReference; fileEncoding = 4; lastKnownFileType = sourcecode.swift; path = CustomTabBarController.swift; sourceTree = "<group>"; };
		52D23C571F4ECDA700A91ADD /* AboutUsVC.swift */ = {isa = PBXFileReference; fileEncoding = 4; lastKnownFileType = sourcecode.swift; path = AboutUsVC.swift; sourceTree = "<group>"; };
		52D23C591F4F28C600A91ADD /* ContactsVC.swift */ = {isa = PBXFileReference; fileEncoding = 4; lastKnownFileType = sourcecode.swift; path = ContactsVC.swift; sourceTree = "<group>"; };
		52D23C5C1F4F320100A91ADD /* MapKit.framework */ = {isa = PBXFileReference; lastKnownFileType = wrapper.framework; name = MapKit.framework; path = System/Library/Frameworks/MapKit.framework; sourceTree = SDKROOT; };
		52D284902264861900EA9B05 /* ImageContainerModel.swift */ = {isa = PBXFileReference; lastKnownFileType = sourcecode.swift; path = ImageContainerModel.swift; sourceTree = "<group>"; };
		52D7857F21A8A23900D5999E /* CategoriesView.swift */ = {isa = PBXFileReference; lastKnownFileType = sourcecode.swift; path = CategoriesView.swift; sourceTree = "<group>"; };
		52D7858021A8A23900D5999E /* CategoriesView.xib */ = {isa = PBXFileReference; lastKnownFileType = file.xib; path = CategoriesView.xib; sourceTree = "<group>"; };
		52D7858321A9605000D5999E /* CategoriesPresnter.swift */ = {isa = PBXFileReference; lastKnownFileType = sourcecode.swift; path = CategoriesPresnter.swift; sourceTree = "<group>"; };
		52D7858521A9605C00D5999E /* CategoriesInteractor.swift */ = {isa = PBXFileReference; lastKnownFileType = sourcecode.swift; path = CategoriesInteractor.swift; sourceTree = "<group>"; };
		52D7858821A96AA500D5999E /* CategoriesCell.swift */ = {isa = PBXFileReference; lastKnownFileType = sourcecode.swift; path = CategoriesCell.swift; sourceTree = "<group>"; };
		52D7858921A96AA500D5999E /* CategoriesCell.xib */ = {isa = PBXFileReference; lastKnownFileType = file.xib; path = CategoriesCell.xib; sourceTree = "<group>"; };
		52D7858C21A97A3400D5999E /* CategoryModel.swift */ = {isa = PBXFileReference; lastKnownFileType = sourcecode.swift; path = CategoryModel.swift; sourceTree = "<group>"; };
		52F293101F437BBB00D07842 /* UIViewX.swift */ = {isa = PBXFileReference; fileEncoding = 4; lastKnownFileType = sourcecode.swift; path = UIViewX.swift; sourceTree = "<group>"; };
		52F293121F4445BD00D07842 /* UnfoldingCell.swift */ = {isa = PBXFileReference; fileEncoding = 4; lastKnownFileType = sourcecode.swift; path = UnfoldingCell.swift; sourceTree = "<group>"; };
		52F372ED2183889E00C1FAEE /* GoogleService-Info.plist */ = {isa = PBXFileReference; fileEncoding = 4; lastKnownFileType = text.plist.xml; path = "GoogleService-Info.plist"; sourceTree = SOURCE_ROOT; };
		52F372EF2183968800C1FAEE /* GoldenSewing.entitlements */ = {isa = PBXFileReference; lastKnownFileType = text.plist.entitlements; path = GoldenSewing.entitlements; sourceTree = "<group>"; };
		52F372F0218397E000C1FAEE /* AppDelegate+Notifications.swift */ = {isa = PBXFileReference; lastKnownFileType = sourcecode.swift; path = "AppDelegate+Notifications.swift"; sourceTree = "<group>"; };
		5726DB121F48975E0019C984 /* ProductsVC.swift */ = {isa = PBXFileReference; fileEncoding = 4; lastKnownFileType = sourcecode.swift; path = ProductsVC.swift; sourceTree = "<group>"; };
		5726DB141F48BA970019C984 /* CosmosDistrib.swift */ = {isa = PBXFileReference; fileEncoding = 4; lastKnownFileType = sourcecode.swift; path = CosmosDistrib.swift; sourceTree = "<group>"; };
		573B0CF21F49C76B00BD6121 /* pop.mp3 */ = {isa = PBXFileReference; lastKnownFileType = audio.mp3; path = pop.mp3; sourceTree = "<group>"; };
		57CAB2AD1F4B597000861C6A /* CustomScroll.swift */ = {isa = PBXFileReference; fileEncoding = 4; lastKnownFileType = sourcecode.swift; path = CustomScroll.swift; sourceTree = "<group>"; };
		A5044A20EF76C115143A4897 /* Pods-GoldenSewing.debug.xcconfig */ = {isa = PBXFileReference; includeInIndex = 1; lastKnownFileType = text.xcconfig; name = "Pods-GoldenSewing.debug.xcconfig"; path = "Target Support Files/Pods-GoldenSewing/Pods-GoldenSewing.debug.xcconfig"; sourceTree = "<group>"; };
		B89BE709A6075A851F6FE7DA /* Pods-OneSignalNotificationServiceExtension.debug.xcconfig */ = {isa = PBXFileReference; includeInIndex = 1; lastKnownFileType = text.xcconfig; name = "Pods-OneSignalNotificationServiceExtension.debug.xcconfig"; path = "Target Support Files/Pods-OneSignalNotificationServiceExtension/Pods-OneSignalNotificationServiceExtension.debug.xcconfig"; sourceTree = "<group>"; };
		C47162C9E1E50A5D406D7A98 /* Pods-OneSignalNotificationServiceExtension.release.xcconfig */ = {isa = PBXFileReference; includeInIndex = 1; lastKnownFileType = text.xcconfig; name = "Pods-OneSignalNotificationServiceExtension.release.xcconfig"; path = "Target Support Files/Pods-OneSignalNotificationServiceExtension/Pods-OneSignalNotificationServiceExtension.release.xcconfig"; sourceTree = "<group>"; };
		CDB4AEFED8A00C3FF84EC710 /* Pods_OneSignalNotificationServiceExtension.framework */ = {isa = PBXFileReference; explicitFileType = wrapper.framework; includeInIndex = 0; path = Pods_OneSignalNotificationServiceExtension.framework; sourceTree = BUILT_PRODUCTS_DIR; };
		DA9880B3529D71262B7DE151 /* Pods_GoldenSewing.framework */ = {isa = PBXFileReference; explicitFileType = wrapper.framework; includeInIndex = 0; path = Pods_GoldenSewing.framework; sourceTree = BUILT_PRODUCTS_DIR; };
/* End PBXFileReference section */

/* Begin PBXFrameworksBuildPhase section */
		523ED2F91F29CA9400BE20E5 /* Frameworks */ = {
			isa = PBXFrameworksBuildPhase;
			buildActionMask = 2147483647;
			files = (
				52D23C5D1F4F320100A91ADD /* MapKit.framework in Frameworks */,
				E62974629E9D796E3587EB58 /* Pods_GoldenSewing.framework in Frameworks */,
			);
			runOnlyForDeploymentPostprocessing = 0;
		};
		52B4795D219A0CA20099698C /* Frameworks */ = {
			isa = PBXFrameworksBuildPhase;
			buildActionMask = 2147483647;
			files = (
				BCDAC5875C33442E96446B0E /* Pods_OneSignalNotificationServiceExtension.framework in Frameworks */,
			);
			runOnlyForDeploymentPostprocessing = 0;
		};
/* End PBXFrameworksBuildPhase section */

/* Begin PBXGroup section */
		521492CC1F45DE5A00A75BE1 /* PodsFiles */ = {
			isa = PBXGroup;
			children = (
				5250C92A1F42DF6600153E65 /* FoldingCell.swift */,
				521492CD1F45DE8C00A75BE1 /* HidingNavigationBarManager.swift */,
				521492CE1F45DE8C00A75BE1 /* HidingViewController.swift */,
				5726DB141F48BA970019C984 /* CosmosDistrib.swift */,
			);
			name = PodsFiles;
			path = GoldenSewing;
			sourceTree = "<group>";
		};
		523ED2F31F29CA9400BE20E5 = {
			isa = PBXGroup;
			children = (
				523ED2FE1F29CA9400BE20E5 /* GoldenSewing */,
				521492CC1F45DE5A00A75BE1 /* PodsFiles */,
				52B47961219A0CA20099698C /* OneSignalNotificationServiceExtension */,
				523ED2FD1F29CA9400BE20E5 /* Products */,
				52D23C5B1F4F320100A91ADD /* Frameworks */,
				9C6F75A632D5258A44715697 /* Pods */,
			);
			sourceTree = "<group>";
		};
		523ED2FD1F29CA9400BE20E5 /* Products */ = {
			isa = PBXGroup;
			children = (
				523ED2FC1F29CA9400BE20E5 /* GoldenSewing.app */,
				52B47960219A0CA20099698C /* OneSignalNotificationServiceExtension.appex */,
			);
			name = Products;
			sourceTree = "<group>";
		};
		523ED2FE1F29CA9400BE20E5 /* GoldenSewing */ = {
			isa = PBXGroup;
			children = (
				52D068FE2262542A00C8E052 /* Factories */,
				525FB76121AABF3F00F451C8 /* Services */,
				525108541F3087360044804C /* Models */,
				57CAB2AC1F4B592000861C6A /* Views */,
				525108521F30871E0044804C /* Controllers */,
				523ED3081F29CA9400BE20E5 /* LaunchScreen.storyboard */,
				525108551F3087430044804C /* Supported */,
				525C38B421A48D10003FE500 /* Routing */,
				525C38AC21A4874C003FE500 /* Tools */,
			);
			path = GoldenSewing;
			sourceTree = "<group>";
		};
		525108521F30871E0044804C /* Controllers */ = {
			isa = PBXGroup;
			children = (
				526E36E8224FD99500E7B67B /* GSViewController.swift */,
				525C38AF21A487C8003FE500 /* Launcher */,
				525C38C021A4AA3E003FE500 /* Onboarding */,
				52D7857E21A8A20C00D5999E /* Categories */,
				526E36DF224FCC7500E7B67B /* Products */,
				523ED3031F29CA9400BE20E5 /* Main.storyboard */,
				5251083F1F2FA8040044804C /* FirstVC.swift */,
				52253B251F38DAC8009DF046 /* CategoriesVC.swift */,
				5726DB121F48975E0019C984 /* ProductsVC.swift */,
				5251083D1F2F9D650044804C /* DetailVC.swift */,
				5236B2711F3B69C70072594D /* MetallonitVC.swift */,
				52D23C571F4ECDA700A91ADD /* AboutUsVC.swift */,
				52D23C591F4F28C600A91ADD /* ContactsVC.swift */,
				5226D6501F51CDF300AD7812 /* PopularVC.swift */,
			);
			name = Controllers;
			sourceTree = "<group>";
		};
		525108541F3087360044804C /* Models */ = {
			isa = PBXGroup;
			children = (
				5236AC5C1F32F3470077AC80 /* Product+CoreDataClass.swift */,
				5236AC5D1F32F3470077AC80 /* Product+CoreDataProperties.swift */,
				5251084C1F307EF60044804C /* ProductCategory+CoreDataClass.swift */,
				5251084D1F307EF60044804C /* ProductCategory+CoreDataProperties.swift */,
				525108451F307E1F0044804C /* Model.xcdatamodeld */,
				52D7858C21A97A3400D5999E /* CategoryModel.swift */,
				526E36ED224FEF7000E7B67B /* ProductModel.swift */,
				52D284902264861900EA9B05 /* ImageContainerModel.swift */,
			);
			name = Models;
			sourceTree = "<group>";
		};
		525108551F3087430044804C /* Supported */ = {
			isa = PBXGroup;
			children = (
				525108561F30E5140044804C /* Constants.swift */,
				5250C9281F42CC2800153E65 /* UIApplication+Extension.swift */,
				525FB77321AAC59400F451C8 /* AsyncQueueExtension.swift */,
				525FB78021AAD24300F451C8 /* ArrayExtension.swift */,
				52526DEC1F3F29CC00621B87 /* Date+Extension.swift */,
				52526DEE1F3F46D400621B87 /* NSDate+Extension.swift */,
				525108581F30E5C00044804C /* UIColor+Extension.swift */,
				52253B291F39EAEE009DF046 /* UITableViewCell+Extension.swift */,
				5226D6541F57E7E500AD7812 /* UIView+Extension.swift */,
				52253B271F39A134009DF046 /* String+Extension.swift */,
				52C6B6971F3F820E009171DC /* UIImageView+Extension.swift */,
				52F293101F437BBB00D07842 /* UIViewX.swift */,
				523ED2FF1F29CA9400BE20E5 /* AppDelegate.swift */,
				52F372F0218397E000C1FAEE /* AppDelegate+Notifications.swift */,
				52F372ED2183889E00C1FAEE /* GoogleService-Info.plist */,
				523ED30B1F29CA9400BE20E5 /* Info.plist */,
				52F372EF2183968800C1FAEE /* GoldenSewing.entitlements */,
				573B0CF21F49C76B00BD6121 /* pop.mp3 */,
				523ED3061F29CA9400BE20E5 /* Assets.xcassets */,
			);
			name = Supported;
			sourceTree = "<group>";
		};
		525C38AC21A4874C003FE500 /* Tools */ = {
			isa = PBXGroup;
			children = (
				525FB78621AAD90600F451C8 /* Guid.swift */,
				525C38AD21A48773003FE500 /* Delegates.swift */,
				525FB76421AAC4E800F451C8 /* AsyncTask */,
			);
			name = Tools;
			sourceTree = "<group>";
		};
		525C38AF21A487C8003FE500 /* Launcher */ = {
			isa = PBXGroup;
			children = (
				525C38B021A487E9003FE500 /* LaunchControllerDelegate.swift */,
				525C38B221A488C6003FE500 /* Launcher.swift */,
				525C38BC21A4A467003FE500 /* GreetingController.swift */,
				525C38BD21A4A467003FE500 /* GreetingController.xib */,
			);
			name = Launcher;
			sourceTree = "<group>";
		};
		525C38B421A48D10003FE500 /* Routing */ = {
			isa = PBXGroup;
			children = (
				525C38B521A48D41003FE500 /* NavigationController.swift */,
				525C38B721A491B5003FE500 /* Router.swift */,
			);
			name = Routing;
			sourceTree = "<group>";
		};
		525C38B921A4929F003FE500 /* CustomTabBarController */ = {
			isa = PBXGroup;
			children = (
				52D23C551F4EC92900A91ADD /* CustomTabBarController.swift */,
				525C38BA21A492B2003FE500 /* TabsPages.swift */,
			);
			name = CustomTabBarController;
			sourceTree = "<group>";
		};
		525C38C021A4AA3E003FE500 /* Onboarding */ = {
			isa = PBXGroup;
			children = (
				52B8F4BB1F5C387F00A0CD37 /* TutorialPageVC.swift */,
				52B8F4BD1F5C39F900A0CD37 /* PageItemVC.swift */,
			);
			name = Onboarding;
			sourceTree = "<group>";
		};
		525FB76121AABF3F00F451C8 /* Services */ = {
			isa = PBXGroup;
			children = (
				525FB76221AABF7400F451C8 /* ApiClientService.swift */,
				525FB78821AAF4DB00F451C8 /* ApiResponse.swift */,
				525FB77521AACC8900F451C8 /* ApiRequestService.swift */,
				525108411F2FB35F0044804C /* PersistentService.swift */,
				525108431F307DC50044804C /* CoreDataStack.swift */,
				526E36EA224FE94800E7B67B /* CashServices */,
				525FB78A21AAF53E00F451C8 /* HttpStatusCode.swift */,
			);
			name = Services;
			sourceTree = "<group>";
		};
		525FB76421AAC4E800F451C8 /* AsyncTask */ = {
			isa = PBXGroup;
			children = (
				525FB76521AAC4E800F451C8 /* ThrowableTask.swift */,
				525FB76621AAC4E800F451C8 /* Collection.swift */,
				525FB76721AAC4E800F451C8 /* Thunkify.swift */,
				525FB76821AAC4E800F451C8 /* Config.swift */,
				525FB76921AAC4E800F451C8 /* DispatchQueue.swift */,
				525FB76A21AAC4E800F451C8 /* Helper.swift */,
				525FB76B21AAC4E800F451C8 /* Task.swift */,
			);
			path = AsyncTask;
			sourceTree = "<group>";
		};
		526E36DF224FCC7500E7B67B /* Products */ = {
			isa = PBXGroup;
			children = (
				526E36E0224FCCC500E7B67B /* ProductsView.swift */,
				526E36E4224FCCEB00E7B67B /* ProductsPresenter.swift */,
				526E36E6224FCCFA00E7B67B /* ProductsInteractor.swift */,
				526E36E1224FCCC500E7B67B /* ProductsView.xib */,
				52D068FB226252FC00C8E052 /* ProductsCollectionView.swift */,
				52D06902226255AF00C8E052 /* Cells */,
			);
			name = Products;
			sourceTree = "<group>";
		};
		526E36EA224FE94800E7B67B /* CashServices */ = {
			isa = PBXGroup;
			children = (
				525FB77721AACF0F00F451C8 /* CategoriesCacheService.swift */,
				526E36EB224FE98300E7B67B /* ProductsCacheService.swift */,
				52D0690B2263435400C8E052 /* CachedImage.swift */,
			);
			name = CashServices;
			sourceTree = "<group>";
		};
		52B47961219A0CA20099698C /* OneSignalNotificationServiceExtension */ = {
			isa = PBXGroup;
			children = (
				52B47962219A0CA20099698C /* NotificationService.swift */,
				52B47964219A0CA20099698C /* Info.plist */,
			);
			path = OneSignalNotificationServiceExtension;
			sourceTree = "<group>";
		};
		52D068FE2262542A00C8E052 /* Factories */ = {
			isa = PBXGroup;
			children = (
				52D068FF2262546500C8E052 /* ProductsCellFactory.swift */,
			);
			name = Factories;
			sourceTree = "<group>";
		};
		52D06902226255AF00C8E052 /* Cells */ = {
			isa = PBXGroup;
			children = (
				52D06903226255E000C8E052 /* ProductsHorizontalCVCell.swift */,
				52D06904226255E000C8E052 /* ProductsHorizontalCVCell.xib */,
				52D06909226258A600C8E052 /* ProductCardProtocol.swift */,
			);
			name = Cells;
			sourceTree = "<group>";
		};
		52D23C5B1F4F320100A91ADD /* Frameworks */ = {
			isa = PBXGroup;
			children = (
				52D23C5C1F4F320100A91ADD /* MapKit.framework */,
				DA9880B3529D71262B7DE151 /* Pods_GoldenSewing.framework */,
				CDB4AEFED8A00C3FF84EC710 /* Pods_OneSignalNotificationServiceExtension.framework */,
			);
			name = Frameworks;
			sourceTree = "<group>";
		};
		52D7857E21A8A20C00D5999E /* Categories */ = {
			isa = PBXGroup;
			children = (
				52D7857F21A8A23900D5999E /* CategoriesView.swift */,
				52D7858321A9605000D5999E /* CategoriesPresnter.swift */,
				52D7858521A9605C00D5999E /* CategoriesInteractor.swift */,
				52D7858021A8A23900D5999E /* CategoriesView.xib */,
				52D7858721A967AB00D5999E /* Cell */,
			);
			name = Categories;
			sourceTree = "<group>";
		};
		52D7858721A967AB00D5999E /* Cell */ = {
			isa = PBXGroup;
			children = (
				52D7858821A96AA500D5999E /* CategoriesCell.swift */,
				52D7858921A96AA500D5999E /* CategoriesCell.xib */,
			);
			name = Cell;
			sourceTree = "<group>";
		};
		57CAB2AC1F4B592000861C6A /* Views */ = {
			isa = PBXGroup;
			children = (
				523ED3131F2F723700BE20E5 /* ProductTVCell.swift */,
				52B8F4B51F57FEC500A0CD37 /* ProductCell.swift */,
				52B8F4B61F57FEC500A0CD37 /* ProductCell.xib */,
				5236B2751F3C8BC60072594D /* CollViewCell.swift */,
				52C6B6951F3F5F02009171DC /* RaznoeCell.swift */,
				5251085C1F31C4B40044804C /* CategoriesTVCell.swift */,
				52F293121F4445BD00D07842 /* UnfoldingCell.swift */,
				57CAB2AD1F4B597000861C6A /* CustomScroll.swift */,
				525C38B921A4929F003FE500 /* CustomTabBarController */,
				52B8F4B91F58405D00A0CD37 /* CustomNavigation.swift */,
				5226D6521F57E6F200AD7812 /* PopularHeader.swift */,
			);
			name = Views;
			sourceTree = "<group>";
		};
		9C6F75A632D5258A44715697 /* Pods */ = {
			isa = PBXGroup;
			children = (
				A5044A20EF76C115143A4897 /* Pods-GoldenSewing.debug.xcconfig */,
				190674E63E3D99AE2F535BE5 /* Pods-GoldenSewing.release.xcconfig */,
				B89BE709A6075A851F6FE7DA /* Pods-OneSignalNotificationServiceExtension.debug.xcconfig */,
				C47162C9E1E50A5D406D7A98 /* Pods-OneSignalNotificationServiceExtension.release.xcconfig */,
			);
			path = Pods;
			sourceTree = "<group>";
		};
/* End PBXGroup section */

/* Begin PBXNativeTarget section */
		523ED2FB1F29CA9400BE20E5 /* GoldenSewing */ = {
			isa = PBXNativeTarget;
			buildConfigurationList = 523ED30E1F29CA9400BE20E5 /* Build configuration list for PBXNativeTarget "GoldenSewing" */;
			buildPhases = (
				074AD0CC1BA21508679EB402 /* [CP] Check Pods Manifest.lock */,
				523ED2F81F29CA9400BE20E5 /* Sources */,
				523ED2F91F29CA9400BE20E5 /* Frameworks */,
				523ED2FA1F29CA9400BE20E5 /* Resources */,
				52F372EC2183707700C1FAEE /* Fabric */,
				BF9FAB1965CF3C0E5D2CB0C5 /* [CP] Embed Pods Frameworks */,
				52B4796B219A0CA20099698C /* Embed App Extensions */,
			);
			buildRules = (
			);
			dependencies = (
				52B47966219A0CA20099698C /* PBXTargetDependency */,
			);
			name = GoldenSewing;
			productName = GoldenSewing;
			productReference = 523ED2FC1F29CA9400BE20E5 /* GoldenSewing.app */;
			productType = "com.apple.product-type.application";
		};
		52B4795F219A0CA20099698C /* OneSignalNotificationServiceExtension */ = {
			isa = PBXNativeTarget;
			buildConfigurationList = 52B4796A219A0CA20099698C /* Build configuration list for PBXNativeTarget "OneSignalNotificationServiceExtension" */;
			buildPhases = (
				14730003BB874670EE5E71C2 /* [CP] Check Pods Manifest.lock */,
				52B4795C219A0CA20099698C /* Sources */,
				52B4795D219A0CA20099698C /* Frameworks */,
				52B4795E219A0CA20099698C /* Resources */,
			);
			buildRules = (
			);
			dependencies = (
			);
			name = OneSignalNotificationServiceExtension;
			productName = OneSignalNotificationServiceExtension;
			productReference = 52B47960219A0CA20099698C /* OneSignalNotificationServiceExtension.appex */;
			productType = "com.apple.product-type.app-extension";
		};
/* End PBXNativeTarget section */

/* Begin PBXProject section */
		523ED2F41F29CA9400BE20E5 /* Project object */ = {
			isa = PBXProject;
			attributes = {
				DefaultBuildSystemTypeForWorkspace = Original;
				LastSwiftUpdateCheck = 1010;
				LastUpgradeCheck = 1000;
				ORGANIZATIONNAME = "Stanly Shiyanovskiy";
				TargetAttributes = {
					523ED2FB1F29CA9400BE20E5 = {
						CreatedOnToolsVersion = 8.3.3;
						DevelopmentTeam = 3PTYV272Z4;
						LastSwiftMigration = 1000;
						ProvisioningStyle = Manual;
						SystemCapabilities = {
							com.apple.BackgroundModes = {
								enabled = 1;
							};
							com.apple.Maps.iOS = {
								enabled = 1;
							};
							com.apple.Push = {
								enabled = 1;
							};
						};
					};
					52B4795F219A0CA20099698C = {
						CreatedOnToolsVersion = 10.1;
						DevelopmentTeam = 3PTYV272Z4;
						ProvisioningStyle = Automatic;
					};
				};
			};
			buildConfigurationList = 523ED2F71F29CA9400BE20E5 /* Build configuration list for PBXProject "GoldenSewing" */;
			compatibilityVersion = "Xcode 3.2";
			developmentRegion = English;
			hasScannedForEncodings = 0;
			knownRegions = (
				English,
				en,
				Base,
			);
			mainGroup = 523ED2F31F29CA9400BE20E5;
			productRefGroup = 523ED2FD1F29CA9400BE20E5 /* Products */;
			projectDirPath = "";
			projectRoot = "";
			targets = (
				523ED2FB1F29CA9400BE20E5 /* GoldenSewing */,
				52B4795F219A0CA20099698C /* OneSignalNotificationServiceExtension */,
			);
		};
/* End PBXProject section */

/* Begin PBXResourcesBuildPhase section */
		523ED2FA1F29CA9400BE20E5 /* Resources */ = {
			isa = PBXResourcesBuildPhase;
			buildActionMask = 2147483647;
			files = (
				573B0CF31F49C76B00BD6121 /* pop.mp3 in Resources */,
				523ED30A1F29CA9400BE20E5 /* LaunchScreen.storyboard in Resources */,
				52B8F4B81F57FEC500A0CD37 /* ProductCell.xib in Resources */,
				523ED3071F29CA9400BE20E5 /* Assets.xcassets in Resources */,
				52D7858221A8A23900D5999E /* CategoriesView.xib in Resources */,
				52D06907226255E000C8E052 /* ProductsHorizontalCVCell.xib in Resources */,
				523ED3051F29CA9400BE20E5 /* Main.storyboard in Resources */,
				52F372EE2183889E00C1FAEE /* GoogleService-Info.plist in Resources */,
				525C38BF21A4A467003FE500 /* GreetingController.xib in Resources */,
				526E36E3224FCCC500E7B67B /* ProductsView.xib in Resources */,
				52D7858B21A96AA500D5999E /* CategoriesCell.xib in Resources */,
			);
			runOnlyForDeploymentPostprocessing = 0;
		};
		52B4795E219A0CA20099698C /* Resources */ = {
			isa = PBXResourcesBuildPhase;
			buildActionMask = 2147483647;
			files = (
				52D06908226255E000C8E052 /* ProductsHorizontalCVCell.xib in Resources */,
			);
			runOnlyForDeploymentPostprocessing = 0;
		};
/* End PBXResourcesBuildPhase section */

/* Begin PBXShellScriptBuildPhase section */
		074AD0CC1BA21508679EB402 /* [CP] Check Pods Manifest.lock */ = {
			isa = PBXShellScriptBuildPhase;
			buildActionMask = 2147483647;
			files = (
			);
			inputFileListPaths = (
			);
			inputPaths = (
				"${PODS_PODFILE_DIR_PATH}/Podfile.lock",
				"${PODS_ROOT}/Manifest.lock",
			);
			name = "[CP] Check Pods Manifest.lock";
			outputFileListPaths = (
			);
			outputPaths = (
				"$(DERIVED_FILE_DIR)/Pods-GoldenSewing-checkManifestLockResult.txt",
			);
			runOnlyForDeploymentPostprocessing = 0;
			shellPath = /bin/sh;
			shellScript = "diff \"${PODS_PODFILE_DIR_PATH}/Podfile.lock\" \"${PODS_ROOT}/Manifest.lock\" > /dev/null\nif [ $? != 0 ] ; then\n    # print error to STDERR\n    echo \"error: The sandbox is not in sync with the Podfile.lock. Run 'pod install' or update your CocoaPods installation.\" >&2\n    exit 1\nfi\n# This output is used by Xcode 'outputs' to avoid re-running this script phase.\necho \"SUCCESS\" > \"${SCRIPT_OUTPUT_FILE_0}\"\n";
			showEnvVarsInLog = 0;
		};
		14730003BB874670EE5E71C2 /* [CP] Check Pods Manifest.lock */ = {
			isa = PBXShellScriptBuildPhase;
			buildActionMask = 2147483647;
			files = (
			);
			inputFileListPaths = (
			);
			inputPaths = (
				"${PODS_PODFILE_DIR_PATH}/Podfile.lock",
				"${PODS_ROOT}/Manifest.lock",
			);
			name = "[CP] Check Pods Manifest.lock";
			outputFileListPaths = (
			);
			outputPaths = (
				"$(DERIVED_FILE_DIR)/Pods-OneSignalNotificationServiceExtension-checkManifestLockResult.txt",
			);
			runOnlyForDeploymentPostprocessing = 0;
			shellPath = /bin/sh;
			shellScript = "diff \"${PODS_PODFILE_DIR_PATH}/Podfile.lock\" \"${PODS_ROOT}/Manifest.lock\" > /dev/null\nif [ $? != 0 ] ; then\n    # print error to STDERR\n    echo \"error: The sandbox is not in sync with the Podfile.lock. Run 'pod install' or update your CocoaPods installation.\" >&2\n    exit 1\nfi\n# This output is used by Xcode 'outputs' to avoid re-running this script phase.\necho \"SUCCESS\" > \"${SCRIPT_OUTPUT_FILE_0}\"\n";
			showEnvVarsInLog = 0;
		};
		52F372EC2183707700C1FAEE /* Fabric */ = {
			isa = PBXShellScriptBuildPhase;
			buildActionMask = 2147483647;
			files = (
			);
			inputFileListPaths = (
			);
			inputPaths = (
				"$(BUILT_PRODUCTS_DIR)/$(INFOPLIST_PATH)",
			);
			name = Fabric;
			outputFileListPaths = (
			);
			outputPaths = (
			);
			runOnlyForDeploymentPostprocessing = 0;
			shellPath = /bin/sh;
			shellScript = "\"${PODS_ROOT}/Fabric/run\" b9c975543d293ab652770d1e7bb9ba11ed1c440b 41ea80d0efd0b374f780f4aba6f69e91511088f9aa2a287ea48fdb324ab8bfe9\n";
		};
		BF9FAB1965CF3C0E5D2CB0C5 /* [CP] Embed Pods Frameworks */ = {
			isa = PBXShellScriptBuildPhase;
			buildActionMask = 2147483647;
			files = (
			);
			inputFileListPaths = (
			);
			inputPaths = (
				"${PODS_ROOT}/Target Support Files/Pods-GoldenSewing/Pods-GoldenSewing-frameworks.sh",
				"${BUILT_PRODUCTS_DIR}/Alamofire/Alamofire.framework",
				"${BUILT_PRODUCTS_DIR}/Gloss/Gloss.framework",
				"${BUILT_PRODUCTS_DIR}/GoogleUtilities/GoogleUtilities.framework",
				"${BUILT_PRODUCTS_DIR}/Realm/Realm.framework",
				"${BUILT_PRODUCTS_DIR}/RealmSwift/RealmSwift.framework",
				"${BUILT_PRODUCTS_DIR}/SDWebImage/SDWebImage.framework",
				"${BUILT_PRODUCTS_DIR}/SnapKit/SnapKit.framework",
				"${BUILT_PRODUCTS_DIR}/nanopb/nanopb.framework",
			);
			name = "[CP] Embed Pods Frameworks";
			outputFileListPaths = (
			);
			outputPaths = (
				"${TARGET_BUILD_DIR}/${FRAMEWORKS_FOLDER_PATH}/Alamofire.framework",
				"${TARGET_BUILD_DIR}/${FRAMEWORKS_FOLDER_PATH}/Gloss.framework",
				"${TARGET_BUILD_DIR}/${FRAMEWORKS_FOLDER_PATH}/GoogleUtilities.framework",
				"${TARGET_BUILD_DIR}/${FRAMEWORKS_FOLDER_PATH}/Realm.framework",
				"${TARGET_BUILD_DIR}/${FRAMEWORKS_FOLDER_PATH}/RealmSwift.framework",
				"${TARGET_BUILD_DIR}/${FRAMEWORKS_FOLDER_PATH}/SDWebImage.framework",
				"${TARGET_BUILD_DIR}/${FRAMEWORKS_FOLDER_PATH}/SnapKit.framework",
				"${TARGET_BUILD_DIR}/${FRAMEWORKS_FOLDER_PATH}/nanopb.framework",
			);
			runOnlyForDeploymentPostprocessing = 0;
			shellPath = /bin/sh;
			shellScript = "\"${PODS_ROOT}/Target Support Files/Pods-GoldenSewing/Pods-GoldenSewing-frameworks.sh\"\n";
			showEnvVarsInLog = 0;
		};
/* End PBXShellScriptBuildPhase section */

/* Begin PBXSourcesBuildPhase section */
		523ED2F81F29CA9400BE20E5 /* Sources */ = {
			isa = PBXSourcesBuildPhase;
			buildActionMask = 2147483647;
			files = (
				525C38BB21A492B2003FE500 /* TabsPages.swift in Sources */,
				52D23C581F4ECDA700A91ADD /* AboutUsVC.swift in Sources */,
				525108441F307DC50044804C /* CoreDataStack.swift in Sources */,
				57CAB2AE1F4B597000861C6A /* CustomScroll.swift in Sources */,
				5250C92B1F42DF6600153E65 /* FoldingCell.swift in Sources */,
				525108421F2FB35F0044804C /* PersistentService.swift in Sources */,
				5726DB131F48975E0019C984 /* ProductsVC.swift in Sources */,
				5226D6511F51CDF300AD7812 /* PopularVC.swift in Sources */,
				52D23C561F4EC92900A91ADD /* CustomTabBarController.swift in Sources */,
				525FB76D21AAC4E800F451C8 /* Collection.swift in Sources */,
				52D068FC226252FC00C8E052 /* ProductsCollectionView.swift in Sources */,
				526E36E7224FCCFA00E7B67B /* ProductsInteractor.swift in Sources */,
				525FB77821AACF0F00F451C8 /* CategoriesCacheService.swift in Sources */,
				52D7858A21A96AA500D5999E /* CategoriesCell.swift in Sources */,
				5236B2761F3C8BC60072594D /* CollViewCell.swift in Sources */,
				52F293111F437BBB00D07842 /* UIViewX.swift in Sources */,
				525C38B621A48D41003FE500 /* NavigationController.swift in Sources */,
				523ED3001F29CA9400BE20E5 /* AppDelegate.swift in Sources */,
				52D7858D21A97A3400D5999E /* CategoryModel.swift in Sources */,
				525108471F307E1F0044804C /* Model.xcdatamodeld in Sources */,
				526E36E2224FCCC500E7B67B /* ProductsView.swift in Sources */,
				525FB76F21AAC4E800F451C8 /* Config.swift in Sources */,
				52D069002262546500C8E052 /* ProductsCellFactory.swift in Sources */,
				5226D6551F57E7E500AD7812 /* UIView+Extension.swift in Sources */,
				5251083E1F2F9D650044804C /* DetailVC.swift in Sources */,
				52D284912264861900EA9B05 /* ImageContainerModel.swift in Sources */,
				52526DEF1F3F46D400621B87 /* NSDate+Extension.swift in Sources */,
				525FB76321AABF7400F451C8 /* ApiClientService.swift in Sources */,
				525FB78121AAD24300F451C8 /* ArrayExtension.swift in Sources */,
				525FB76E21AAC4E800F451C8 /* Thunkify.swift in Sources */,
				52F372F1218397E000C1FAEE /* AppDelegate+Notifications.swift in Sources */,
				52D0690C2263435400C8E052 /* CachedImage.swift in Sources */,
				52253B2A1F39EAEE009DF046 /* UITableViewCell+Extension.swift in Sources */,
				5236B2721F3B69C70072594D /* MetallonitVC.swift in Sources */,
				52C6B6961F3F5F02009171DC /* RaznoeCell.swift in Sources */,
				5251085D1F31C4B40044804C /* CategoriesTVCell.swift in Sources */,
				521492CF1F45DE8C00A75BE1 /* HidingNavigationBarManager.swift in Sources */,
				52D7858121A8A23900D5999E /* CategoriesView.swift in Sources */,
				52B8F4BA1F58405D00A0CD37 /* CustomNavigation.swift in Sources */,
				52D7858621A9605C00D5999E /* CategoriesInteractor.swift in Sources */,
				5236AC5E1F32F3470077AC80 /* Product+CoreDataClass.swift in Sources */,
				52D23C5A1F4F28C600A91ADD /* ContactsVC.swift in Sources */,
				52526DED1F3F29CC00621B87 /* Date+Extension.swift in Sources */,
				525FB76C21AAC4E800F451C8 /* ThrowableTask.swift in Sources */,
				526E36EE224FEF7000E7B67B /* ProductModel.swift in Sources */,
				525FB78921AAF4DB00F451C8 /* ApiResponse.swift in Sources */,
				525C38B321A488C6003FE500 /* Launcher.swift in Sources */,
				526E36E5224FCCEB00E7B67B /* ProductsPresenter.swift in Sources */,
				525108401F2FA8040044804C /* FirstVC.swift in Sources */,
				5226D6531F57E6F200AD7812 /* PopularHeader.swift in Sources */,
				52D06905226255E000C8E052 /* ProductsHorizontalCVCell.swift in Sources */,
				525C38B121A487E9003FE500 /* LaunchControllerDelegate.swift in Sources */,
				5726DB151F48BA970019C984 /* CosmosDistrib.swift in Sources */,
				52253B281F39A134009DF046 /* String+Extension.swift in Sources */,
				5251084E1F307EF60044804C /* ProductCategory+CoreDataClass.swift in Sources */,
				523ED3141F2F723700BE20E5 /* ProductTVCell.swift in Sources */,
				525FB77621AACC8900F451C8 /* ApiRequestService.swift in Sources */,
				52C6B6981F3F820E009171DC /* UIImageView+Extension.swift in Sources */,
				52D0690A226258A600C8E052 /* ProductCardProtocol.swift in Sources */,
				525FB77121AAC4E800F451C8 /* Helper.swift in Sources */,
				52B8F4B71F57FEC500A0CD37 /* ProductCell.swift in Sources */,
				525108591F30E5C00044804C /* UIColor+Extension.swift in Sources */,
				525FB77021AAC4E800F451C8 /* DispatchQueue.swift in Sources */,
				525FB78721AAD90600F451C8 /* Guid.swift in Sources */,
				521492D01F45DE8C00A75BE1 /* HidingViewController.swift in Sources */,
				52B8F4BE1F5C39F900A0CD37 /* PageItemVC.swift in Sources */,
				52253B261F38DAC8009DF046 /* CategoriesVC.swift in Sources */,
				525FB77421AAC59400F451C8 /* AsyncQueueExtension.swift in Sources */,
				525C38B821A491B5003FE500 /* Router.swift in Sources */,
				5251084F1F307EF60044804C /* ProductCategory+CoreDataProperties.swift in Sources */,
				525FB78B21AAF53E00F451C8 /* HttpStatusCode.swift in Sources */,
				52D7858421A9605000D5999E /* CategoriesPresnter.swift in Sources */,
				5236AC5F1F32F3470077AC80 /* Product+CoreDataProperties.swift in Sources */,
				5250C9291F42CC2900153E65 /* UIApplication+Extension.swift in Sources */,
				526E36E9224FD99500E7B67B /* GSViewController.swift in Sources */,
				525C38AE21A48773003FE500 /* Delegates.swift in Sources */,
				525108571F30E5140044804C /* Constants.swift in Sources */,
				52B8F4BC1F5C387F00A0CD37 /* TutorialPageVC.swift in Sources */,
				525C38BE21A4A467003FE500 /* GreetingController.swift in Sources */,
				525FB77221AAC4E800F451C8 /* Task.swift in Sources */,
				526E36EC224FE98300E7B67B /* ProductsCacheService.swift in Sources */,
				52F293131F4445BD00D07842 /* UnfoldingCell.swift in Sources */,
			);
			runOnlyForDeploymentPostprocessing = 0;
		};
		52B4795C219A0CA20099698C /* Sources */ = {
			isa = PBXSourcesBuildPhase;
			buildActionMask = 2147483647;
			files = (
				52B47963219A0CA20099698C /* NotificationService.swift in Sources */,
			);
			runOnlyForDeploymentPostprocessing = 0;
		};
/* End PBXSourcesBuildPhase section */

/* Begin PBXTargetDependency section */
		52B47966219A0CA20099698C /* PBXTargetDependency */ = {
			isa = PBXTargetDependency;
			target = 52B4795F219A0CA20099698C /* OneSignalNotificationServiceExtension */;
			targetProxy = 52B47965219A0CA20099698C /* PBXContainerItemProxy */;
		};
/* End PBXTargetDependency section */

/* Begin PBXVariantGroup section */
		523ED3031F29CA9400BE20E5 /* Main.storyboard */ = {
			isa = PBXVariantGroup;
			children = (
				523ED3041F29CA9400BE20E5 /* Base */,
			);
			name = Main.storyboard;
			sourceTree = "<group>";
		};
		523ED3081F29CA9400BE20E5 /* LaunchScreen.storyboard */ = {
			isa = PBXVariantGroup;
			children = (
				523ED3091F29CA9400BE20E5 /* Base */,
			);
			name = LaunchScreen.storyboard;
			sourceTree = "<group>";
		};
/* End PBXVariantGroup section */

/* Begin XCBuildConfiguration section */
		523ED30C1F29CA9400BE20E5 /* Debug */ = {
			isa = XCBuildConfiguration;
			buildSettings = {
				ALWAYS_SEARCH_USER_PATHS = NO;
				CLANG_ANALYZER_NONNULL = YES;
				CLANG_ANALYZER_NUMBER_OBJECT_CONVERSION = YES_AGGRESSIVE;
				CLANG_CXX_LANGUAGE_STANDARD = "gnu++0x";
				CLANG_CXX_LIBRARY = "libc++";
				CLANG_ENABLE_MODULES = YES;
				CLANG_ENABLE_OBJC_ARC = YES;
				CLANG_WARN_BLOCK_CAPTURE_AUTORELEASING = YES;
				CLANG_WARN_BOOL_CONVERSION = YES;
				CLANG_WARN_COMMA = YES;
				CLANG_WARN_CONSTANT_CONVERSION = YES;
				CLANG_WARN_DEPRECATED_OBJC_IMPLEMENTATIONS = YES;
				CLANG_WARN_DIRECT_OBJC_ISA_USAGE = YES_ERROR;
				CLANG_WARN_DOCUMENTATION_COMMENTS = YES;
				CLANG_WARN_EMPTY_BODY = YES;
				CLANG_WARN_ENUM_CONVERSION = YES;
				CLANG_WARN_INFINITE_RECURSION = YES;
				CLANG_WARN_INT_CONVERSION = YES;
				CLANG_WARN_NON_LITERAL_NULL_CONVERSION = YES;
				CLANG_WARN_OBJC_IMPLICIT_RETAIN_SELF = YES;
				CLANG_WARN_OBJC_LITERAL_CONVERSION = YES;
				CLANG_WARN_OBJC_ROOT_CLASS = YES_ERROR;
				CLANG_WARN_RANGE_LOOP_ANALYSIS = YES;
				CLANG_WARN_STRICT_PROTOTYPES = YES;
				CLANG_WARN_SUSPICIOUS_MOVE = YES;
				CLANG_WARN_UNREACHABLE_CODE = YES;
				CLANG_WARN__DUPLICATE_METHOD_MATCH = YES;
				CODE_SIGN_IDENTITY = "iPhone Developer: Stanly Shiyanovskiy (TVY9F8D8VM)";
				"CODE_SIGN_IDENTITY[sdk=iphoneos*]" = "iPhone Developer";
				COPY_PHASE_STRIP = NO;
				DEBUG_INFORMATION_FORMAT = dwarf;
				ENABLE_STRICT_OBJC_MSGSEND = YES;
				ENABLE_TESTABILITY = YES;
				GCC_C_LANGUAGE_STANDARD = gnu99;
				GCC_DYNAMIC_NO_PIC = NO;
				GCC_NO_COMMON_BLOCKS = YES;
				GCC_OPTIMIZATION_LEVEL = 0;
				GCC_PREPROCESSOR_DEFINITIONS = (
					"DEBUG=1",
					"$(inherited)",
				);
				GCC_WARN_64_TO_32_BIT_CONVERSION = YES;
				GCC_WARN_ABOUT_RETURN_TYPE = YES_ERROR;
				GCC_WARN_UNDECLARED_SELECTOR = YES;
				GCC_WARN_UNINITIALIZED_AUTOS = YES_AGGRESSIVE;
				GCC_WARN_UNUSED_FUNCTION = YES;
				GCC_WARN_UNUSED_VARIABLE = YES;
				IPHONEOS_DEPLOYMENT_TARGET = 10.3;
				MTL_ENABLE_DEBUG_INFO = YES;
				ONLY_ACTIVE_ARCH = YES;
				SDKROOT = iphoneos;
				SWIFT_ACTIVE_COMPILATION_CONDITIONS = DEBUG;
				SWIFT_OPTIMIZATION_LEVEL = "-Onone";
			};
			name = Debug;
		};
		523ED30D1F29CA9400BE20E5 /* Release */ = {
			isa = XCBuildConfiguration;
			buildSettings = {
				ALWAYS_SEARCH_USER_PATHS = NO;
				CLANG_ANALYZER_NONNULL = YES;
				CLANG_ANALYZER_NUMBER_OBJECT_CONVERSION = YES_AGGRESSIVE;
				CLANG_CXX_LANGUAGE_STANDARD = "gnu++0x";
				CLANG_CXX_LIBRARY = "libc++";
				CLANG_ENABLE_MODULES = YES;
				CLANG_ENABLE_OBJC_ARC = YES;
				CLANG_WARN_BLOCK_CAPTURE_AUTORELEASING = YES;
				CLANG_WARN_BOOL_CONVERSION = YES;
				CLANG_WARN_COMMA = YES;
				CLANG_WARN_CONSTANT_CONVERSION = YES;
				CLANG_WARN_DEPRECATED_OBJC_IMPLEMENTATIONS = YES;
				CLANG_WARN_DIRECT_OBJC_ISA_USAGE = YES_ERROR;
				CLANG_WARN_DOCUMENTATION_COMMENTS = YES;
				CLANG_WARN_EMPTY_BODY = YES;
				CLANG_WARN_ENUM_CONVERSION = YES;
				CLANG_WARN_INFINITE_RECURSION = YES;
				CLANG_WARN_INT_CONVERSION = YES;
				CLANG_WARN_NON_LITERAL_NULL_CONVERSION = YES;
				CLANG_WARN_OBJC_IMPLICIT_RETAIN_SELF = YES;
				CLANG_WARN_OBJC_LITERAL_CONVERSION = YES;
				CLANG_WARN_OBJC_ROOT_CLASS = YES_ERROR;
				CLANG_WARN_RANGE_LOOP_ANALYSIS = YES;
				CLANG_WARN_STRICT_PROTOTYPES = YES;
				CLANG_WARN_SUSPICIOUS_MOVE = YES;
				CLANG_WARN_UNREACHABLE_CODE = YES;
				CLANG_WARN__DUPLICATE_METHOD_MATCH = YES;
				CODE_SIGN_IDENTITY = "iPhone Distribution: Stanly Shiyanovskiy (3PTYV272Z4)";
				"CODE_SIGN_IDENTITY[sdk=iphoneos*]" = "iPhone Developer";
				COPY_PHASE_STRIP = NO;
				DEBUG_INFORMATION_FORMAT = "dwarf-with-dsym";
				ENABLE_NS_ASSERTIONS = NO;
				ENABLE_STRICT_OBJC_MSGSEND = YES;
				GCC_C_LANGUAGE_STANDARD = gnu99;
				GCC_NO_COMMON_BLOCKS = YES;
				GCC_WARN_64_TO_32_BIT_CONVERSION = YES;
				GCC_WARN_ABOUT_RETURN_TYPE = YES_ERROR;
				GCC_WARN_UNDECLARED_SELECTOR = YES;
				GCC_WARN_UNINITIALIZED_AUTOS = YES_AGGRESSIVE;
				GCC_WARN_UNUSED_FUNCTION = YES;
				GCC_WARN_UNUSED_VARIABLE = YES;
				IPHONEOS_DEPLOYMENT_TARGET = 10.3;
				MTL_ENABLE_DEBUG_INFO = NO;
				SDKROOT = iphoneos;
				SWIFT_OPTIMIZATION_LEVEL = "-Owholemodule";
				VALIDATE_PRODUCT = YES;
			};
			name = Release;
		};
		523ED30F1F29CA9400BE20E5 /* Debug */ = {
			isa = XCBuildConfiguration;
			baseConfigurationReference = A5044A20EF76C115143A4897 /* Pods-GoldenSewing.debug.xcconfig */;
			buildSettings = {
				ASSETCATALOG_COMPILER_APPICON_NAME = AppIcon;
				CODE_SIGN_ENTITLEMENTS = GoldenSewing/GoldenSewing.entitlements;
				CODE_SIGN_IDENTITY = "iPhone Developer";
				CODE_SIGN_STYLE = Manual;
				CURRENT_PROJECT_VERSION = 7;
				DEBUG_INFORMATION_FORMAT = "dwarf-with-dsym";
				DEVELOPMENT_TEAM = 3PTYV272Z4;
				INFOPLIST_FILE = GoldenSewing/Info.plist;
				IPHONEOS_DEPLOYMENT_TARGET = 10.0;
				LD_RUNPATH_SEARCH_PATHS = "$(inherited) @executable_path/Frameworks";
				PRODUCT_BUNDLE_IDENTIFIER = "ua.kr.zolotoe-shitvo.GoldenSewing";
				PRODUCT_NAME = "$(TARGET_NAME)";
				PROVISIONING_PROFILE_SPECIFIER = GoldenSewingDevelopment;
				SWIFT_OPTIMIZATION_LEVEL = "-Onone";
				SWIFT_SWIFT3_OBJC_INFERENCE = Default;
				SWIFT_VERSION = 4.2;
				VERSIONING_SYSTEM = "apple-generic";
			};
			name = Debug;
		};
		523ED3101F29CA9400BE20E5 /* Release */ = {
			isa = XCBuildConfiguration;
			baseConfigurationReference = 190674E63E3D99AE2F535BE5 /* Pods-GoldenSewing.release.xcconfig */;
			buildSettings = {
				ASSETCATALOG_COMPILER_APPICON_NAME = AppIcon;
				CODE_SIGN_ENTITLEMENTS = GoldenSewing/GoldenSewing.entitlements;
				CODE_SIGN_IDENTITY = "iPhone Distribution";
				CODE_SIGN_STYLE = Manual;
				CURRENT_PROJECT_VERSION = 7;
				DEVELOPMENT_TEAM = 3PTYV272Z4;
				INFOPLIST_FILE = GoldenSewing/Info.plist;
				IPHONEOS_DEPLOYMENT_TARGET = 10.0;
				LD_RUNPATH_SEARCH_PATHS = "$(inherited) @executable_path/Frameworks";
				PRODUCT_BUNDLE_IDENTIFIER = "ua.kr.zolotoe-shitvo.GoldenSewing";
				PRODUCT_NAME = "$(TARGET_NAME)";
				PROVISIONING_PROFILE_SPECIFIER = GoldenSewingDistribution;
				SWIFT_OPTIMIZATION_LEVEL = "-Onone";
				SWIFT_SWIFT3_OBJC_INFERENCE = Default;
				SWIFT_VERSION = 4.2;
				VERSIONING_SYSTEM = "apple-generic";
			};
			name = Release;
		};
		52B47968219A0CA20099698C /* Debug */ = {
			isa = XCBuildConfiguration;
			baseConfigurationReference = B89BE709A6075A851F6FE7DA /* Pods-OneSignalNotificationServiceExtension.debug.xcconfig */;
			buildSettings = {
				CLANG_CXX_LANGUAGE_STANDARD = "gnu++14";
				CLANG_ENABLE_OBJC_WEAK = YES;
				CLANG_WARN_UNGUARDED_AVAILABILITY = YES_AGGRESSIVE;
				CODE_SIGN_IDENTITY = "iPhone Developer";
				CODE_SIGN_STYLE = Automatic;
				DEVELOPMENT_TEAM = 3PTYV272Z4;
				GCC_C_LANGUAGE_STANDARD = gnu11;
				INFOPLIST_FILE = OneSignalNotificationServiceExtension/Info.plist;
				IPHONEOS_DEPLOYMENT_TARGET = 10.0;
				LD_RUNPATH_SEARCH_PATHS = "$(inherited) @executable_path/Frameworks @executable_path/../../Frameworks";
				MTL_ENABLE_DEBUG_INFO = INCLUDE_SOURCE;
				MTL_FAST_MATH = YES;
				PRODUCT_BUNDLE_IDENTIFIER = "ua.kr.zolotoe-shitvo.GoldenSewing.OneSignalNotificationServiceExtension";
				PRODUCT_NAME = "$(TARGET_NAME)";
				SKIP_INSTALL = YES;
				SWIFT_VERSION = 4.2;
				TARGETED_DEVICE_FAMILY = "1,2";
			};
			name = Debug;
		};
		52B47969219A0CA20099698C /* Release */ = {
			isa = XCBuildConfiguration;
			baseConfigurationReference = C47162C9E1E50A5D406D7A98 /* Pods-OneSignalNotificationServiceExtension.release.xcconfig */;
			buildSettings = {
				CLANG_CXX_LANGUAGE_STANDARD = "gnu++14";
				CLANG_ENABLE_OBJC_WEAK = YES;
				CLANG_WARN_UNGUARDED_AVAILABILITY = YES_AGGRESSIVE;
				CODE_SIGN_IDENTITY = "iPhone Distribution";
				CODE_SIGN_STYLE = Automatic;
				DEVELOPMENT_TEAM = 3PTYV272Z4;
				GCC_C_LANGUAGE_STANDARD = gnu11;
				INFOPLIST_FILE = OneSignalNotificationServiceExtension/Info.plist;
				IPHONEOS_DEPLOYMENT_TARGET = 10.0;
				LD_RUNPATH_SEARCH_PATHS = "$(inherited) @executable_path/Frameworks @executable_path/../../Frameworks";
				MTL_FAST_MATH = YES;
				PRODUCT_BUNDLE_IDENTIFIER = "ua.kr.zolotoe-shitvo.GoldenSewing.OneSignalNotificationServiceExtension";
				PRODUCT_NAME = "$(TARGET_NAME)";
				SKIP_INSTALL = YES;
				SWIFT_VERSION = 4.2;
				TARGETED_DEVICE_FAMILY = "1,2";
			};
			name = Release;
		};
/* End XCBuildConfiguration section */

/* Begin XCConfigurationList section */
		523ED2F71F29CA9400BE20E5 /* Build configuration list for PBXProject "GoldenSewing" */ = {
			isa = XCConfigurationList;
			buildConfigurations = (
				523ED30C1F29CA9400BE20E5 /* Debug */,
				523ED30D1F29CA9400BE20E5 /* Release */,
			);
			defaultConfigurationIsVisible = 0;
			defaultConfigurationName = Release;
		};
		523ED30E1F29CA9400BE20E5 /* Build configuration list for PBXNativeTarget "GoldenSewing" */ = {
			isa = XCConfigurationList;
			buildConfigurations = (
				523ED30F1F29CA9400BE20E5 /* Debug */,
				523ED3101F29CA9400BE20E5 /* Release */,
			);
			defaultConfigurationIsVisible = 0;
			defaultConfigurationName = Release;
		};
		52B4796A219A0CA20099698C /* Build configuration list for PBXNativeTarget "OneSignalNotificationServiceExtension" */ = {
			isa = XCConfigurationList;
			buildConfigurations = (
				52B47968219A0CA20099698C /* Debug */,
				52B47969219A0CA20099698C /* Release */,
			);
			defaultConfigurationIsVisible = 0;
			defaultConfigurationName = Release;
		};
/* End XCConfigurationList section */

/* Begin XCVersionGroup section */
		525108451F307E1F0044804C /* Model.xcdatamodeld */ = {
			isa = XCVersionGroup;
			children = (
				525108461F307E1F0044804C /* Model.xcdatamodel */,
			);
			currentVersion = 525108461F307E1F0044804C /* Model.xcdatamodel */;
			path = Model.xcdatamodeld;
			sourceTree = "<group>";
			versionGroupType = wrapper.xcdatamodel;
		};
/* End XCVersionGroup section */
	};
	rootObject = 523ED2F41F29CA9400BE20E5 /* Project object */;
}
